// !$*UTF8*$!
{
	archiveVersion = 1;
	classes = {
	};
	objectVersion = 46;
	objects = {

/* Begin PBXBuildFile section */
		7A0E00A71E2E17030028555D /* TCAppSettingViewController.m in Sources */ = {isa = PBXBuildFile; fileRef = 7A0E00A61E2E17030028555D /* TCAppSettingViewController.m */; };
		7A0E00AA1E2E17DF0028555D /* TCAppCacheViewCell.m in Sources */ = {isa = PBXBuildFile; fileRef = 7A0E00A91E2E17DF0028555D /* TCAppCacheViewCell.m */; };
		7A0E00AD1E2E17F50028555D /* TCAppNotificationViewCell.m in Sources */ = {isa = PBXBuildFile; fileRef = 7A0E00AC1E2E17F50028555D /* TCAppNotificationViewCell.m */; };
		7A55F4201E287F5B0018FED3 /* TCLoginViewController.m in Sources */ = {isa = PBXBuildFile; fileRef = 7A55F4181E287F5B0018FED3 /* TCLoginViewController.m */; };
		7A55F4211E287F5B0018FED3 /* TCLoginViewController.xib in Resources */ = {isa = PBXBuildFile; fileRef = 7A55F4191E287F5B0018FED3 /* TCLoginViewController.xib */; };
		7A55F4221E287F5B0018FED3 /* TCUserAgreementViewController.m in Sources */ = {isa = PBXBuildFile; fileRef = 7A55F41B1E287F5B0018FED3 /* TCUserAgreementViewController.m */; };
		7A55F4231E287F5B0018FED3 /* TCGetPasswordView.m in Sources */ = {isa = PBXBuildFile; fileRef = 7A55F41E1E287F5B0018FED3 /* TCGetPasswordView.m */; };
		7A55F4241E287F5B0018FED3 /* TCGetPasswordView.xib in Resources */ = {isa = PBXBuildFile; fileRef = 7A55F41F1E287F5B0018FED3 /* TCGetPasswordView.xib */; };
		7A55F4281E288B0B0018FED3 /* TCStoreInfo.m in Sources */ = {isa = PBXBuildFile; fileRef = 7A55F4271E288B0B0018FED3 /* TCStoreInfo.m */; };
		7A55F42B1E288B1F0018FED3 /* TCStoreDetailInfo.m in Sources */ = {isa = PBXBuildFile; fileRef = 7A55F42A1E288B1F0018FED3 /* TCStoreDetailInfo.m */; };
		7A55F4311E28E91E0018FED3 /* TCProfileHeaderView.m in Sources */ = {isa = PBXBuildFile; fileRef = 7A55F42D1E28E91E0018FED3 /* TCProfileHeaderView.m */; };
		7A55F4321E28E91E0018FED3 /* TCProfileHeaderView.xib in Resources */ = {isa = PBXBuildFile; fileRef = 7A55F42E1E28E91E0018FED3 /* TCProfileHeaderView.xib */; };
		7A55F4331E28E91E0018FED3 /* TCProfileViewCell.m in Sources */ = {isa = PBXBuildFile; fileRef = 7A55F4301E28E91E0018FED3 /* TCProfileViewCell.m */; };
		7A55F4351E28E96A0018FED3 /* TCProfileViewCell.xib in Resources */ = {isa = PBXBuildFile; fileRef = 7A55F4341E28E96A0018FED3 /* TCProfileViewCell.xib */; };
		7A9987211E24959F006175CC /* main.m in Sources */ = {isa = PBXBuildFile; fileRef = 7A9987201E24959F006175CC /* main.m */; };
		7A9987241E24959F006175CC /* AppDelegate.m in Sources */ = {isa = PBXBuildFile; fileRef = 7A9987231E24959F006175CC /* AppDelegate.m */; };
		7A99872C1E24959F006175CC /* Assets.xcassets in Resources */ = {isa = PBXBuildFile; fileRef = 7A99872B1E24959F006175CC /* Assets.xcassets */; };
		7A99872F1E24959F006175CC /* LaunchScreen.storyboard in Resources */ = {isa = PBXBuildFile; fileRef = 7A99872D1E24959F006175CC /* LaunchScreen.storyboard */; };
		7A99873A1E24959F006175CC /* storeTests.m in Sources */ = {isa = PBXBuildFile; fileRef = 7A9987391E24959F006175CC /* storeTests.m */; };
		7A9987451E24959F006175CC /* storeUITests.m in Sources */ = {isa = PBXBuildFile; fileRef = 7A9987441E24959F006175CC /* storeUITests.m */; };
		7A99875F1E2497D5006175CC /* TCNavigationController.m in Sources */ = {isa = PBXBuildFile; fileRef = 7A9987591E2497D5006175CC /* TCNavigationController.m */; };
		7A9987601E2497D5006175CC /* TCTabBarController.m in Sources */ = {isa = PBXBuildFile; fileRef = 7A99875B1E2497D5006175CC /* TCTabBarController.m */; };
		7A99876E1E24C820006175CC /* TCArchiveService.m in Sources */ = {isa = PBXBuildFile; fileRef = 7A9987651E24C820006175CC /* TCArchiveService.m */; };
		7A99876F1E24C820006175CC /* TCFunctions.m in Sources */ = {isa = PBXBuildFile; fileRef = 7A9987671E24C820006175CC /* TCFunctions.m */; };
		7A9987701E24C820006175CC /* TCImageURLSynthesizer.m in Sources */ = {isa = PBXBuildFile; fileRef = 7A9987691E24C820006175CC /* TCImageURLSynthesizer.m */; };
		7A9987711E24C820006175CC /* TCPhotoPicker.m in Sources */ = {isa = PBXBuildFile; fileRef = 7A99876B1E24C820006175CC /* TCPhotoPicker.m */; };
		7A9987721E24C820006175CC /* TCScanner.m in Sources */ = {isa = PBXBuildFile; fileRef = 7A99876D1E24C820006175CC /* TCScanner.m */; };
		7A9987AE1E24C84B006175CC /* TCBaseViewController.m in Sources */ = {isa = PBXBuildFile; fileRef = 7A9987AD1E24C84B006175CC /* TCBaseViewController.m */; };
		7A9987CE1E24C9FA006175CC /* TCClientConfig.m in Sources */ = {isa = PBXBuildFile; fileRef = 7A9987C51E24C9FA006175CC /* TCClientConfig.m */; };
		7A9987CF1E24C9FA006175CC /* TCClientRequest.m in Sources */ = {isa = PBXBuildFile; fileRef = 7A9987C71E24C9FA006175CC /* TCClientRequest.m */; };
		7A9987D01E24C9FA006175CC /* TCClientRequestError.m in Sources */ = {isa = PBXBuildFile; fileRef = 7A9987C91E24C9FA006175CC /* TCClientRequestError.m */; };
		7A9987D11E24C9FA006175CC /* TCClientResponse.m in Sources */ = {isa = PBXBuildFile; fileRef = 7A9987CB1E24C9FA006175CC /* TCClientResponse.m */; };
		7A9987D41E24E371006175CC /* TCClient.m in Sources */ = {isa = PBXBuildFile; fileRef = 7A9987D31E24E371006175CC /* TCClient.m */; };
		7A9987D91E24E41B006175CC /* MBProgressHUD+Category.m in Sources */ = {isa = PBXBuildFile; fileRef = 7A9987D81E24E41B006175CC /* MBProgressHUD+Category.m */; };
		7A9987E21E24E42B006175CC /* NSObject+TCModel.m in Sources */ = {isa = PBXBuildFile; fileRef = 7A9987DB1E24E42B006175CC /* NSObject+TCModel.m */; };
		7A9987E31E24E42B006175CC /* NSObject+TCNomal.m in Sources */ = {isa = PBXBuildFile; fileRef = 7A9987DD1E24E42B006175CC /* NSObject+TCNomal.m */; };
		7A9987E41E24E42B006175CC /* UIImage+Category.m in Sources */ = {isa = PBXBuildFile; fileRef = 7A9987DF1E24E42B006175CC /* UIImage+Category.m */; };
		7A9987E51E24E42B006175CC /* UIView+Category.m in Sources */ = {isa = PBXBuildFile; fileRef = 7A9987E11E24E42B006175CC /* UIView+Category.m */; };
		7A9987E81E24E472006175CC /* TCExtendButton.m in Sources */ = {isa = PBXBuildFile; fileRef = 7A9987E71E24E472006175CC /* TCExtendButton.m */; };
		7A9987EB1E24E7DF006175CC /* TCBuluoApi.m in Sources */ = {isa = PBXBuildFile; fileRef = 7A9987EA1E24E7DF006175CC /* TCBuluoApi.m */; };
		7A9987F01E24E958006175CC /* TCUserSession.m in Sources */ = {isa = PBXBuildFile; fileRef = 7A9987EF1E24E958006175CC /* TCUserSession.m */; };
		7A9987F61E24EAF0006175CC /* TCModelImport.m in Sources */ = {isa = PBXBuildFile; fileRef = 7A9987F51E24EAF0006175CC /* TCModelImport.m */; };
		7A9988141E24EE3E006175CC /* TCGoodDetail.m in Sources */ = {isa = PBXBuildFile; fileRef = 7A9987F91E24EE3E006175CC /* TCGoodDetail.m */; };
		7A9988151E24EE3E006175CC /* TCGoods.m in Sources */ = {isa = PBXBuildFile; fileRef = 7A9987FB1E24EE3E006175CC /* TCGoods.m */; };
		7A9988161E24EE3E006175CC /* TCGoodStandards.m in Sources */ = {isa = PBXBuildFile; fileRef = 7A9987FD1E24EE3E006175CC /* TCGoodStandards.m */; };
		7A9988171E24EE3E006175CC /* TCGoodsWrapper.m in Sources */ = {isa = PBXBuildFile; fileRef = 7A9987FF1E24EE3E006175CC /* TCGoodsWrapper.m */; };
		7A99881B1E24EE3E006175CC /* TCDetailStore.m in Sources */ = {isa = PBXBuildFile; fileRef = 7A9988091E24EE3E006175CC /* TCDetailStore.m */; };
		7A99881C1E24EE3E006175CC /* TCListStore.m in Sources */ = {isa = PBXBuildFile; fileRef = 7A99880B1E24EE3E006175CC /* TCListStore.m */; };
		7A99881D1E24EE3E006175CC /* TCMarkStore.m in Sources */ = {isa = PBXBuildFile; fileRef = 7A99880D1E24EE3E006175CC /* TCMarkStore.m */; };
		7A99881E1E24EE3E006175CC /* TCServiceDetail.m in Sources */ = {isa = PBXBuildFile; fileRef = 7A99880F1E24EE3E006175CC /* TCServiceDetail.m */; };
		7A99881F1E24EE3E006175CC /* TCServices.m in Sources */ = {isa = PBXBuildFile; fileRef = 7A9988111E24EE3E006175CC /* TCServices.m */; };
		7A9988201E24EE3E006175CC /* TCServiceWrapper.m in Sources */ = {isa = PBXBuildFile; fileRef = 7A9988131E24EE3E006175CC /* TCServiceWrapper.m */; };
		7A9988241E24EE4B006175CC /* TCUploadInfo.m in Sources */ = {isa = PBXBuildFile; fileRef = 7A9988231E24EE4B006175CC /* TCUploadInfo.m */; };
		7A9988271E24EFE6006175CC /* TCUserPhoneInfo.m in Sources */ = {isa = PBXBuildFile; fileRef = 7A9988261E24EFE6006175CC /* TCUserPhoneInfo.m */; };
		7ABCC0D01E2622C800750E47 /* TCHomeCommodityTableViewCell.m in Sources */ = {isa = PBXBuildFile; fileRef = 7ABCC0861E2622C800750E47 /* TCHomeCommodityTableViewCell.m */; };
		7ABCC0D11E2622C800750E47 /* TCLocationViewController.m in Sources */ = {isa = PBXBuildFile; fileRef = 7ABCC0881E2622C800750E47 /* TCLocationViewController.m */; };
		7ABCC0D21E2622C800750E47 /* TCRecommendGoodCell.m in Sources */ = {isa = PBXBuildFile; fileRef = 7ABCC08B1E2622C800750E47 /* TCRecommendGoodCell.m */; };
		7ABCC0D31E2622C800750E47 /* TCRecommendInfoViewController.m in Sources */ = {isa = PBXBuildFile; fileRef = 7ABCC08D1E2622C800750E47 /* TCRecommendInfoViewController.m */; };
		7ABCC0D41E2622C800750E47 /* TCRecommendListViewController.m in Sources */ = {isa = PBXBuildFile; fileRef = 7ABCC08F1E2622C800750E47 /* TCRecommendListViewController.m */; };
		7ABCC0D51E2622C800750E47 /* TCRestaurantInfoViewController.m in Sources */ = {isa = PBXBuildFile; fileRef = 7ABCC0921E2622C800750E47 /* TCRestaurantInfoViewController.m */; };
		7ABCC0D61E2622C800750E47 /* TCRestaurantTableViewCell.m in Sources */ = {isa = PBXBuildFile; fileRef = 7ABCC0941E2622C800750E47 /* TCRestaurantTableViewCell.m */; };
		7ABCC0D71E2622C800750E47 /* TCRestaurantViewController.m in Sources */ = {isa = PBXBuildFile; fileRef = 7ABCC0961E2622C800750E47 /* TCRestaurantViewController.m */; };
		7ABCC0D81E2622C800750E47 /* TCHomeViewController.m in Sources */ = {isa = PBXBuildFile; fileRef = 7ABCC0981E2622C800750E47 /* TCHomeViewController.m */; };
		7ABCC0D91E2622C800750E47 /* TCHomeViewController.xib in Resources */ = {isa = PBXBuildFile; fileRef = 7ABCC0991E2622C800750E47 /* TCHomeViewController.xib */; };
		7ABCC0DB1E2622C800750E47 /* TCAnnotation.m in Sources */ = {isa = PBXBuildFile; fileRef = 7ABCC09F1E2622C800750E47 /* TCAnnotation.m */; };
		7ABCC0DC1E2622C800750E47 /* TCCalloutAnnotationView.m in Sources */ = {isa = PBXBuildFile; fileRef = 7ABCC0A11E2622C800750E47 /* TCCalloutAnnotationView.m */; };
		7ABCC0DD1E2622C800750E47 /* TCDetailAnnotation.m in Sources */ = {isa = PBXBuildFile; fileRef = 7ABCC0A31E2622C800750E47 /* TCDetailAnnotation.m */; };
		7ABCC0DE1E2622C800750E47 /* TCDetailAnnotationView.m in Sources */ = {isa = PBXBuildFile; fileRef = 7ABCC0A51E2622C800750E47 /* TCDetailAnnotationView.m */; };
		7ABCC0DF1E2622C800750E47 /* TCUserLocationAnnotation.m in Sources */ = {isa = PBXBuildFile; fileRef = 7ABCC0A71E2622C800750E47 /* TCUserLocationAnnotation.m */; };
		7ABCC0E01E2622C800750E47 /* TCUserLocationAnnotationView.m in Sources */ = {isa = PBXBuildFile; fileRef = 7ABCC0A91E2622C800750E47 /* TCUserLocationAnnotationView.m */; };
		7ABCC0E11E2622C800750E47 /* TCRecommendFooter.m in Sources */ = {isa = PBXBuildFile; fileRef = 7ABCC0AD1E2622C800750E47 /* TCRecommendFooter.m */; };
		7ABCC0E21E2622C800750E47 /* TCRecommendHeader.m in Sources */ = {isa = PBXBuildFile; fileRef = 7ABCC0AF1E2622C800750E47 /* TCRecommendHeader.m */; };
		7ABCC0E31E2622C800750E47 /* TCGoodSelectTitleView.m in Sources */ = {isa = PBXBuildFile; fileRef = 7ABCC0B21E2622C800750E47 /* TCGoodSelectTitleView.m */; };
		7ABCC0E41E2622C800750E47 /* TCGoodSelectView.m in Sources */ = {isa = PBXBuildFile; fileRef = 7ABCC0B41E2622C800750E47 /* TCGoodSelectView.m */; };
		7ABCC0E51E2622C800750E47 /* TCSelectButton.m in Sources */ = {isa = PBXBuildFile; fileRef = 7ABCC0B61E2622C800750E47 /* TCSelectButton.m */; };
		7ABCC0E61E2622C800750E47 /* TCSelectPrimaryBtn.m in Sources */ = {isa = PBXBuildFile; fileRef = 7ABCC0B81E2622C800750E47 /* TCSelectPrimaryBtn.m */; };
		7ABCC0E71E2622C800750E47 /* TCSelectSecondaryBtn.m in Sources */ = {isa = PBXBuildFile; fileRef = 7ABCC0BA1E2622C800750E47 /* TCSelectSecondaryBtn.m */; };
		7ABCC0E81E2622C800750E47 /* TCGoodShopView.m in Sources */ = {isa = PBXBuildFile; fileRef = 7ABCC0BC1E2622C800750E47 /* TCGoodShopView.m */; };
		7ABCC0E91E2622C800750E47 /* TCGoodTitleView.m in Sources */ = {isa = PBXBuildFile; fileRef = 7ABCC0BE1E2622C800750E47 /* TCGoodTitleView.m */; };
		7ABCC0EA1E2622C800750E47 /* TCImgPageControl.m in Sources */ = {isa = PBXBuildFile; fileRef = 7ABCC0C01E2622C800750E47 /* TCImgPageControl.m */; };
		7ABCC0EB1E2622C800750E47 /* TCRestaurantLogoView.m in Sources */ = {isa = PBXBuildFile; fileRef = 7ABCC0C41E2622C800750E47 /* TCRestaurantLogoView.m */; };
		7ABCC0EC1E2622C800750E47 /* TCRestaurantFilterView.m in Sources */ = {isa = PBXBuildFile; fileRef = 7ABCC0C71E2622C800750E47 /* TCRestaurantFilterView.m */; };
		7ABCC0ED1E2622C800750E47 /* TCRestaurantSortView.m in Sources */ = {isa = PBXBuildFile; fileRef = 7ABCC0C91E2622C800750E47 /* TCRestaurantSortView.m */; };
		7ABCC0EE1E2622C800750E47 /* TCSelectSortButton.m in Sources */ = {isa = PBXBuildFile; fileRef = 7ABCC0CB1E2622C800750E47 /* TCSelectSortButton.m */; };
		7ABCC0EF1E2622C800750E47 /* TCServiceFilterView.m in Sources */ = {isa = PBXBuildFile; fileRef = 7ABCC0CD1E2622C800750E47 /* TCServiceFilterView.m */; };
		7ABCC0F01E2622C800750E47 /* TCServiceSelectBtn.m in Sources */ = {isa = PBXBuildFile; fileRef = 7ABCC0CF1E2622C800750E47 /* TCServiceSelectBtn.m */; };
		7ABCC0F51E2622DE00750E47 /* TCComponent.m in Sources */ = {isa = PBXBuildFile; fileRef = 7ABCC0F21E2622DE00750E47 /* TCComponent.m */; };
		7ABCC0F61E2622DE00750E47 /* TCGetNavigationItem.m in Sources */ = {isa = PBXBuildFile; fileRef = 7ABCC0F41E2622DE00750E47 /* TCGetNavigationItem.m */; };
		7ABCC1021E262B7A00750E47 /* TCGoodsViewController.m in Sources */ = {isa = PBXBuildFile; fileRef = 7ABCC1011E262B7A00750E47 /* TCGoodsViewController.m */; };
		7ABCC1051E262B8F00750E47 /* TCOrderViewController.m in Sources */ = {isa = PBXBuildFile; fileRef = 7ABCC1041E262B8F00750E47 /* TCOrderViewController.m */; };
		7ABCC1081E262BA000750E47 /* TCProfileViewController.m in Sources */ = {isa = PBXBuildFile; fileRef = 7ABCC1071E262BA000750E47 /* TCProfileViewController.m */; };
		7AE92B6B1E2C79970012B11E /* TCPhotoModeView.m in Sources */ = {isa = PBXBuildFile; fileRef = 7AE92B6A1E2C79970012B11E /* TCPhotoModeView.m */; };
		7AE92B721E2CB1280012B11E /* TCScannerBorder.m in Sources */ = {isa = PBXBuildFile; fileRef = 7AE92B6F1E2CB1280012B11E /* TCScannerBorder.m */; };
		7AE92B731E2CB1280012B11E /* TCScannerMaskView.m in Sources */ = {isa = PBXBuildFile; fileRef = 7AE92B711E2CB1280012B11E /* TCScannerMaskView.m */; };
		7AE92B761E2CB1350012B11E /* TCQRCodeViewController.m in Sources */ = {isa = PBXBuildFile; fileRef = 7AE92B751E2CB1350012B11E /* TCQRCodeViewController.m */; };
		7AE92B801E2CB2280012B11E /* TCAboutUSViewController.m in Sources */ = {isa = PBXBuildFile; fileRef = 7AE92B791E2CB2280012B11E /* TCAboutUSViewController.m */; };
		7AE92B821E2CB2280012B11E /* TCSuggestionViewController.m in Sources */ = {isa = PBXBuildFile; fileRef = 7AE92B7D1E2CB2280012B11E /* TCSuggestionViewController.m */; };
		7AE92B8D1E2CB2C20012B11E /* TCCommonIndicatorViewCell.m in Sources */ = {isa = PBXBuildFile; fileRef = 7AE92B8C1E2CB2C20012B11E /* TCCommonIndicatorViewCell.m */; };
		7AE92B901E2CB2D80012B11E /* TCCommonButton.m in Sources */ = {isa = PBXBuildFile; fileRef = 7AE92B8F1E2CB2D80012B11E /* TCCommonButton.m */; };
		E71BB80DAB52591718DA7767 /* libPods-store.a in Frameworks */ = {isa = PBXBuildFile; fileRef = B00C8004B261DE1B413018A3 /* libPods-store.a */; };
/* End PBXBuildFile section */

/* Begin PBXContainerItemProxy section */
		7A9987361E24959F006175CC /* PBXContainerItemProxy */ = {
			isa = PBXContainerItemProxy;
			containerPortal = 7A9987141E24959F006175CC /* Project object */;
			proxyType = 1;
			remoteGlobalIDString = 7A99871B1E24959F006175CC;
			remoteInfo = store;
		};
		7A9987411E24959F006175CC /* PBXContainerItemProxy */ = {
			isa = PBXContainerItemProxy;
			containerPortal = 7A9987141E24959F006175CC /* Project object */;
			proxyType = 1;
			remoteGlobalIDString = 7A99871B1E24959F006175CC;
			remoteInfo = store;
		};
/* End PBXContainerItemProxy section */

/* Begin PBXFileReference section */
		7A0E00A51E2E17030028555D /* TCAppSettingViewController.h */ = {isa = PBXFileReference; fileEncoding = 4; lastKnownFileType = sourcecode.c.h; path = TCAppSettingViewController.h; sourceTree = "<group>"; };
		7A0E00A61E2E17030028555D /* TCAppSettingViewController.m */ = {isa = PBXFileReference; fileEncoding = 4; lastKnownFileType = sourcecode.c.objc; path = TCAppSettingViewController.m; sourceTree = "<group>"; };
		7A0E00A81E2E17DF0028555D /* TCAppCacheViewCell.h */ = {isa = PBXFileReference; fileEncoding = 4; lastKnownFileType = sourcecode.c.h; path = TCAppCacheViewCell.h; sourceTree = "<group>"; };
		7A0E00A91E2E17DF0028555D /* TCAppCacheViewCell.m */ = {isa = PBXFileReference; fileEncoding = 4; lastKnownFileType = sourcecode.c.objc; path = TCAppCacheViewCell.m; sourceTree = "<group>"; };
		7A0E00AB1E2E17F50028555D /* TCAppNotificationViewCell.h */ = {isa = PBXFileReference; fileEncoding = 4; lastKnownFileType = sourcecode.c.h; path = TCAppNotificationViewCell.h; sourceTree = "<group>"; };
		7A0E00AC1E2E17F50028555D /* TCAppNotificationViewCell.m */ = {isa = PBXFileReference; fileEncoding = 4; lastKnownFileType = sourcecode.c.objc; path = TCAppNotificationViewCell.m; sourceTree = "<group>"; };
		7A55F4171E287F5B0018FED3 /* TCLoginViewController.h */ = {isa = PBXFileReference; fileEncoding = 4; lastKnownFileType = sourcecode.c.h; path = TCLoginViewController.h; sourceTree = "<group>"; };
		7A55F4181E287F5B0018FED3 /* TCLoginViewController.m */ = {isa = PBXFileReference; fileEncoding = 4; lastKnownFileType = sourcecode.c.objc; path = TCLoginViewController.m; sourceTree = "<group>"; };
		7A55F4191E287F5B0018FED3 /* TCLoginViewController.xib */ = {isa = PBXFileReference; fileEncoding = 4; lastKnownFileType = file.xib; path = TCLoginViewController.xib; sourceTree = "<group>"; };
		7A55F41A1E287F5B0018FED3 /* TCUserAgreementViewController.h */ = {isa = PBXFileReference; fileEncoding = 4; lastKnownFileType = sourcecode.c.h; path = TCUserAgreementViewController.h; sourceTree = "<group>"; };
		7A55F41B1E287F5B0018FED3 /* TCUserAgreementViewController.m */ = {isa = PBXFileReference; fileEncoding = 4; lastKnownFileType = sourcecode.c.objc; path = TCUserAgreementViewController.m; sourceTree = "<group>"; };
		7A55F41D1E287F5B0018FED3 /* TCGetPasswordView.h */ = {isa = PBXFileReference; fileEncoding = 4; lastKnownFileType = sourcecode.c.h; path = TCGetPasswordView.h; sourceTree = "<group>"; };
		7A55F41E1E287F5B0018FED3 /* TCGetPasswordView.m */ = {isa = PBXFileReference; fileEncoding = 4; lastKnownFileType = sourcecode.c.objc; path = TCGetPasswordView.m; sourceTree = "<group>"; };
		7A55F41F1E287F5B0018FED3 /* TCGetPasswordView.xib */ = {isa = PBXFileReference; fileEncoding = 4; lastKnownFileType = file.xib; path = TCGetPasswordView.xib; sourceTree = "<group>"; };
		7A55F4261E288B0B0018FED3 /* TCStoreInfo.h */ = {isa = PBXFileReference; fileEncoding = 4; lastKnownFileType = sourcecode.c.h; path = TCStoreInfo.h; sourceTree = "<group>"; };
		7A55F4271E288B0B0018FED3 /* TCStoreInfo.m */ = {isa = PBXFileReference; fileEncoding = 4; lastKnownFileType = sourcecode.c.objc; path = TCStoreInfo.m; sourceTree = "<group>"; };
		7A55F4291E288B1F0018FED3 /* TCStoreDetailInfo.h */ = {isa = PBXFileReference; fileEncoding = 4; lastKnownFileType = sourcecode.c.h; path = TCStoreDetailInfo.h; sourceTree = "<group>"; };
		7A55F42A1E288B1F0018FED3 /* TCStoreDetailInfo.m */ = {isa = PBXFileReference; fileEncoding = 4; lastKnownFileType = sourcecode.c.objc; path = TCStoreDetailInfo.m; sourceTree = "<group>"; };
		7A55F42C1E28E91E0018FED3 /* TCProfileHeaderView.h */ = {isa = PBXFileReference; fileEncoding = 4; lastKnownFileType = sourcecode.c.h; path = TCProfileHeaderView.h; sourceTree = "<group>"; };
		7A55F42D1E28E91E0018FED3 /* TCProfileHeaderView.m */ = {isa = PBXFileReference; fileEncoding = 4; lastKnownFileType = sourcecode.c.objc; path = TCProfileHeaderView.m; sourceTree = "<group>"; };
		7A55F42E1E28E91E0018FED3 /* TCProfileHeaderView.xib */ = {isa = PBXFileReference; fileEncoding = 4; lastKnownFileType = file.xib; path = TCProfileHeaderView.xib; sourceTree = "<group>"; };
		7A55F42F1E28E91E0018FED3 /* TCProfileViewCell.h */ = {isa = PBXFileReference; fileEncoding = 4; lastKnownFileType = sourcecode.c.h; path = TCProfileViewCell.h; sourceTree = "<group>"; };
		7A55F4301E28E91E0018FED3 /* TCProfileViewCell.m */ = {isa = PBXFileReference; fileEncoding = 4; lastKnownFileType = sourcecode.c.objc; path = TCProfileViewCell.m; sourceTree = "<group>"; };
		7A55F4341E28E96A0018FED3 /* TCProfileViewCell.xib */ = {isa = PBXFileReference; fileEncoding = 4; lastKnownFileType = file.xib; path = TCProfileViewCell.xib; sourceTree = "<group>"; };
		7A99871C1E24959F006175CC /* store.app */ = {isa = PBXFileReference; explicitFileType = wrapper.application; includeInIndex = 0; path = store.app; sourceTree = BUILT_PRODUCTS_DIR; };
		7A9987201E24959F006175CC /* main.m */ = {isa = PBXFileReference; lastKnownFileType = sourcecode.c.objc; path = main.m; sourceTree = "<group>"; };
		7A9987221E24959F006175CC /* AppDelegate.h */ = {isa = PBXFileReference; lastKnownFileType = sourcecode.c.h; path = AppDelegate.h; sourceTree = "<group>"; };
		7A9987231E24959F006175CC /* AppDelegate.m */ = {isa = PBXFileReference; lastKnownFileType = sourcecode.c.objc; path = AppDelegate.m; sourceTree = "<group>"; };
		7A99872B1E24959F006175CC /* Assets.xcassets */ = {isa = PBXFileReference; lastKnownFileType = folder.assetcatalog; path = Assets.xcassets; sourceTree = "<group>"; };
		7A99872E1E24959F006175CC /* Base */ = {isa = PBXFileReference; lastKnownFileType = file.storyboard; name = Base; path = Base.lproj/LaunchScreen.storyboard; sourceTree = "<group>"; };
		7A9987301E24959F006175CC /* Info.plist */ = {isa = PBXFileReference; lastKnownFileType = text.plist.xml; path = Info.plist; sourceTree = "<group>"; };
		7A9987351E24959F006175CC /* storeTests.xctest */ = {isa = PBXFileReference; explicitFileType = wrapper.cfbundle; includeInIndex = 0; path = storeTests.xctest; sourceTree = BUILT_PRODUCTS_DIR; };
		7A9987391E24959F006175CC /* storeTests.m */ = {isa = PBXFileReference; lastKnownFileType = sourcecode.c.objc; path = storeTests.m; sourceTree = "<group>"; };
		7A99873B1E24959F006175CC /* Info.plist */ = {isa = PBXFileReference; lastKnownFileType = text.plist.xml; path = Info.plist; sourceTree = "<group>"; };
		7A9987401E24959F006175CC /* storeUITests.xctest */ = {isa = PBXFileReference; explicitFileType = wrapper.cfbundle; includeInIndex = 0; path = storeUITests.xctest; sourceTree = BUILT_PRODUCTS_DIR; };
		7A9987441E24959F006175CC /* storeUITests.m */ = {isa = PBXFileReference; lastKnownFileType = sourcecode.c.objc; path = storeUITests.m; sourceTree = "<group>"; };
		7A9987461E24959F006175CC /* Info.plist */ = {isa = PBXFileReference; lastKnownFileType = text.plist.xml; path = Info.plist; sourceTree = "<group>"; };
		7A9987581E2497D5006175CC /* TCNavigationController.h */ = {isa = PBXFileReference; fileEncoding = 4; lastKnownFileType = sourcecode.c.h; path = TCNavigationController.h; sourceTree = "<group>"; };
		7A9987591E2497D5006175CC /* TCNavigationController.m */ = {isa = PBXFileReference; fileEncoding = 4; lastKnownFileType = sourcecode.c.objc; path = TCNavigationController.m; sourceTree = "<group>"; };
		7A99875A1E2497D5006175CC /* TCTabBarController.h */ = {isa = PBXFileReference; fileEncoding = 4; lastKnownFileType = sourcecode.c.h; path = TCTabBarController.h; sourceTree = "<group>"; };
		7A99875B1E2497D5006175CC /* TCTabBarController.m */ = {isa = PBXFileReference; fileEncoding = 4; lastKnownFileType = sourcecode.c.objc; path = TCTabBarController.m; sourceTree = "<group>"; };
		7A9987621E24998F006175CC /* PrefixHeader.pch */ = {isa = PBXFileReference; fileEncoding = 4; lastKnownFileType = sourcecode.c.h; path = PrefixHeader.pch; sourceTree = "<group>"; };
		7A9987641E24C820006175CC /* TCArchiveService.h */ = {isa = PBXFileReference; fileEncoding = 4; lastKnownFileType = sourcecode.c.h; path = TCArchiveService.h; sourceTree = "<group>"; };
		7A9987651E24C820006175CC /* TCArchiveService.m */ = {isa = PBXFileReference; fileEncoding = 4; lastKnownFileType = sourcecode.c.objc; path = TCArchiveService.m; sourceTree = "<group>"; };
		7A9987661E24C820006175CC /* TCFunctions.h */ = {isa = PBXFileReference; fileEncoding = 4; lastKnownFileType = sourcecode.c.h; path = TCFunctions.h; sourceTree = "<group>"; };
		7A9987671E24C820006175CC /* TCFunctions.m */ = {isa = PBXFileReference; fileEncoding = 4; lastKnownFileType = sourcecode.c.objc; path = TCFunctions.m; sourceTree = "<group>"; };
		7A9987681E24C820006175CC /* TCImageURLSynthesizer.h */ = {isa = PBXFileReference; fileEncoding = 4; lastKnownFileType = sourcecode.c.h; path = TCImageURLSynthesizer.h; sourceTree = "<group>"; };
		7A9987691E24C820006175CC /* TCImageURLSynthesizer.m */ = {isa = PBXFileReference; fileEncoding = 4; lastKnownFileType = sourcecode.c.objc; path = TCImageURLSynthesizer.m; sourceTree = "<group>"; };
		7A99876A1E24C820006175CC /* TCPhotoPicker.h */ = {isa = PBXFileReference; fileEncoding = 4; lastKnownFileType = sourcecode.c.h; path = TCPhotoPicker.h; sourceTree = "<group>"; };
		7A99876B1E24C820006175CC /* TCPhotoPicker.m */ = {isa = PBXFileReference; fileEncoding = 4; lastKnownFileType = sourcecode.c.objc; path = TCPhotoPicker.m; sourceTree = "<group>"; };
		7A99876C1E24C820006175CC /* TCScanner.h */ = {isa = PBXFileReference; fileEncoding = 4; lastKnownFileType = sourcecode.c.h; path = TCScanner.h; sourceTree = "<group>"; };
		7A99876D1E24C820006175CC /* TCScanner.m */ = {isa = PBXFileReference; fileEncoding = 4; lastKnownFileType = sourcecode.c.objc; path = TCScanner.m; sourceTree = "<group>"; };
		7A9987AC1E24C84B006175CC /* TCBaseViewController.h */ = {isa = PBXFileReference; fileEncoding = 4; lastKnownFileType = sourcecode.c.h; path = TCBaseViewController.h; sourceTree = "<group>"; };
		7A9987AD1E24C84B006175CC /* TCBaseViewController.m */ = {isa = PBXFileReference; fileEncoding = 4; lastKnownFileType = sourcecode.c.objc; path = TCBaseViewController.m; sourceTree = "<group>"; };
		7A9987C41E24C9FA006175CC /* TCClientConfig.h */ = {isa = PBXFileReference; fileEncoding = 4; lastKnownFileType = sourcecode.c.h; path = TCClientConfig.h; sourceTree = "<group>"; };
		7A9987C51E24C9FA006175CC /* TCClientConfig.m */ = {isa = PBXFileReference; fileEncoding = 4; lastKnownFileType = sourcecode.c.objc; path = TCClientConfig.m; sourceTree = "<group>"; };
		7A9987C61E24C9FA006175CC /* TCClientRequest.h */ = {isa = PBXFileReference; fileEncoding = 4; lastKnownFileType = sourcecode.c.h; path = TCClientRequest.h; sourceTree = "<group>"; };
		7A9987C71E24C9FA006175CC /* TCClientRequest.m */ = {isa = PBXFileReference; fileEncoding = 4; lastKnownFileType = sourcecode.c.objc; path = TCClientRequest.m; sourceTree = "<group>"; };
		7A9987C81E24C9FA006175CC /* TCClientRequestError.h */ = {isa = PBXFileReference; fileEncoding = 4; lastKnownFileType = sourcecode.c.h; path = TCClientRequestError.h; sourceTree = "<group>"; };
		7A9987C91E24C9FA006175CC /* TCClientRequestError.m */ = {isa = PBXFileReference; fileEncoding = 4; lastKnownFileType = sourcecode.c.objc; path = TCClientRequestError.m; sourceTree = "<group>"; };
		7A9987CA1E24C9FA006175CC /* TCClientResponse.h */ = {isa = PBXFileReference; fileEncoding = 4; lastKnownFileType = sourcecode.c.h; path = TCClientResponse.h; sourceTree = "<group>"; };
		7A9987CB1E24C9FA006175CC /* TCClientResponse.m */ = {isa = PBXFileReference; fileEncoding = 4; lastKnownFileType = sourcecode.c.objc; path = TCClientResponse.m; sourceTree = "<group>"; };
		7A9987D21E24E371006175CC /* TCClient.h */ = {isa = PBXFileReference; fileEncoding = 4; lastKnownFileType = sourcecode.c.h; path = TCClient.h; sourceTree = "<group>"; };
		7A9987D31E24E371006175CC /* TCClient.m */ = {isa = PBXFileReference; fileEncoding = 4; lastKnownFileType = sourcecode.c.objc; path = TCClient.m; sourceTree = "<group>"; };
		7A9987D71E24E41B006175CC /* MBProgressHUD+Category.h */ = {isa = PBXFileReference; fileEncoding = 4; lastKnownFileType = sourcecode.c.h; path = "MBProgressHUD+Category.h"; sourceTree = "<group>"; };
		7A9987D81E24E41B006175CC /* MBProgressHUD+Category.m */ = {isa = PBXFileReference; fileEncoding = 4; lastKnownFileType = sourcecode.c.objc; path = "MBProgressHUD+Category.m"; sourceTree = "<group>"; };
		7A9987DA1E24E42B006175CC /* NSObject+TCModel.h */ = {isa = PBXFileReference; fileEncoding = 4; lastKnownFileType = sourcecode.c.h; path = "NSObject+TCModel.h"; sourceTree = "<group>"; };
		7A9987DB1E24E42B006175CC /* NSObject+TCModel.m */ = {isa = PBXFileReference; fileEncoding = 4; lastKnownFileType = sourcecode.c.objc; path = "NSObject+TCModel.m"; sourceTree = "<group>"; };
		7A9987DC1E24E42B006175CC /* NSObject+TCNomal.h */ = {isa = PBXFileReference; fileEncoding = 4; lastKnownFileType = sourcecode.c.h; path = "NSObject+TCNomal.h"; sourceTree = "<group>"; };
		7A9987DD1E24E42B006175CC /* NSObject+TCNomal.m */ = {isa = PBXFileReference; fileEncoding = 4; lastKnownFileType = sourcecode.c.objc; path = "NSObject+TCNomal.m"; sourceTree = "<group>"; };
		7A9987DE1E24E42B006175CC /* UIImage+Category.h */ = {isa = PBXFileReference; fileEncoding = 4; lastKnownFileType = sourcecode.c.h; path = "UIImage+Category.h"; sourceTree = "<group>"; };
		7A9987DF1E24E42B006175CC /* UIImage+Category.m */ = {isa = PBXFileReference; fileEncoding = 4; lastKnownFileType = sourcecode.c.objc; path = "UIImage+Category.m"; sourceTree = "<group>"; };
		7A9987E01E24E42B006175CC /* UIView+Category.h */ = {isa = PBXFileReference; fileEncoding = 4; lastKnownFileType = sourcecode.c.h; path = "UIView+Category.h"; sourceTree = "<group>"; };
		7A9987E11E24E42B006175CC /* UIView+Category.m */ = {isa = PBXFileReference; fileEncoding = 4; lastKnownFileType = sourcecode.c.objc; path = "UIView+Category.m"; sourceTree = "<group>"; };
		7A9987E61E24E472006175CC /* TCExtendButton.h */ = {isa = PBXFileReference; fileEncoding = 4; lastKnownFileType = sourcecode.c.h; path = TCExtendButton.h; sourceTree = "<group>"; };
		7A9987E71E24E472006175CC /* TCExtendButton.m */ = {isa = PBXFileReference; fileEncoding = 4; lastKnownFileType = sourcecode.c.objc; path = TCExtendButton.m; sourceTree = "<group>"; };
		7A9987E91E24E7DF006175CC /* TCBuluoApi.h */ = {isa = PBXFileReference; fileEncoding = 4; lastKnownFileType = sourcecode.c.h; path = TCBuluoApi.h; sourceTree = "<group>"; };
		7A9987EA1E24E7DF006175CC /* TCBuluoApi.m */ = {isa = PBXFileReference; fileEncoding = 4; lastKnownFileType = sourcecode.c.objc; path = TCBuluoApi.m; sourceTree = "<group>"; };
		7A9987EE1E24E958006175CC /* TCUserSession.h */ = {isa = PBXFileReference; fileEncoding = 4; lastKnownFileType = sourcecode.c.h; path = TCUserSession.h; sourceTree = "<group>"; };
		7A9987EF1E24E958006175CC /* TCUserSession.m */ = {isa = PBXFileReference; fileEncoding = 4; lastKnownFileType = sourcecode.c.objc; path = TCUserSession.m; sourceTree = "<group>"; };
		7A9987F41E24EAF0006175CC /* TCModelImport.h */ = {isa = PBXFileReference; fileEncoding = 4; lastKnownFileType = sourcecode.c.h; path = TCModelImport.h; sourceTree = "<group>"; };
		7A9987F51E24EAF0006175CC /* TCModelImport.m */ = {isa = PBXFileReference; fileEncoding = 4; lastKnownFileType = sourcecode.c.objc; path = TCModelImport.m; sourceTree = "<group>"; };
		7A9987F81E24EE3E006175CC /* TCGoodDetail.h */ = {isa = PBXFileReference; fileEncoding = 4; lastKnownFileType = sourcecode.c.h; path = TCGoodDetail.h; sourceTree = "<group>"; };
		7A9987F91E24EE3E006175CC /* TCGoodDetail.m */ = {isa = PBXFileReference; fileEncoding = 4; lastKnownFileType = sourcecode.c.objc; path = TCGoodDetail.m; sourceTree = "<group>"; };
		7A9987FA1E24EE3E006175CC /* TCGoods.h */ = {isa = PBXFileReference; fileEncoding = 4; lastKnownFileType = sourcecode.c.h; path = TCGoods.h; sourceTree = "<group>"; };
		7A9987FB1E24EE3E006175CC /* TCGoods.m */ = {isa = PBXFileReference; fileEncoding = 4; lastKnownFileType = sourcecode.c.objc; path = TCGoods.m; sourceTree = "<group>"; };
		7A9987FC1E24EE3E006175CC /* TCGoodStandards.h */ = {isa = PBXFileReference; fileEncoding = 4; lastKnownFileType = sourcecode.c.h; path = TCGoodStandards.h; sourceTree = "<group>"; };
		7A9987FD1E24EE3E006175CC /* TCGoodStandards.m */ = {isa = PBXFileReference; fileEncoding = 4; lastKnownFileType = sourcecode.c.objc; path = TCGoodStandards.m; sourceTree = "<group>"; };
		7A9987FE1E24EE3E006175CC /* TCGoodsWrapper.h */ = {isa = PBXFileReference; fileEncoding = 4; lastKnownFileType = sourcecode.c.h; path = TCGoodsWrapper.h; sourceTree = "<group>"; };
		7A9987FF1E24EE3E006175CC /* TCGoodsWrapper.m */ = {isa = PBXFileReference; fileEncoding = 4; lastKnownFileType = sourcecode.c.objc; path = TCGoodsWrapper.m; sourceTree = "<group>"; };
		7A9988081E24EE3E006175CC /* TCDetailStore.h */ = {isa = PBXFileReference; fileEncoding = 4; lastKnownFileType = sourcecode.c.h; path = TCDetailStore.h; sourceTree = "<group>"; };
		7A9988091E24EE3E006175CC /* TCDetailStore.m */ = {isa = PBXFileReference; fileEncoding = 4; lastKnownFileType = sourcecode.c.objc; path = TCDetailStore.m; sourceTree = "<group>"; };
		7A99880A1E24EE3E006175CC /* TCListStore.h */ = {isa = PBXFileReference; fileEncoding = 4; lastKnownFileType = sourcecode.c.h; path = TCListStore.h; sourceTree = "<group>"; };
		7A99880B1E24EE3E006175CC /* TCListStore.m */ = {isa = PBXFileReference; fileEncoding = 4; lastKnownFileType = sourcecode.c.objc; path = TCListStore.m; sourceTree = "<group>"; };
		7A99880C1E24EE3E006175CC /* TCMarkStore.h */ = {isa = PBXFileReference; fileEncoding = 4; lastKnownFileType = sourcecode.c.h; path = TCMarkStore.h; sourceTree = "<group>"; };
		7A99880D1E24EE3E006175CC /* TCMarkStore.m */ = {isa = PBXFileReference; fileEncoding = 4; lastKnownFileType = sourcecode.c.objc; path = TCMarkStore.m; sourceTree = "<group>"; };
		7A99880E1E24EE3E006175CC /* TCServiceDetail.h */ = {isa = PBXFileReference; fileEncoding = 4; lastKnownFileType = sourcecode.c.h; path = TCServiceDetail.h; sourceTree = "<group>"; };
		7A99880F1E24EE3E006175CC /* TCServiceDetail.m */ = {isa = PBXFileReference; fileEncoding = 4; lastKnownFileType = sourcecode.c.objc; path = TCServiceDetail.m; sourceTree = "<group>"; };
		7A9988101E24EE3E006175CC /* TCServices.h */ = {isa = PBXFileReference; fileEncoding = 4; lastKnownFileType = sourcecode.c.h; path = TCServices.h; sourceTree = "<group>"; };
		7A9988111E24EE3E006175CC /* TCServices.m */ = {isa = PBXFileReference; fileEncoding = 4; lastKnownFileType = sourcecode.c.objc; path = TCServices.m; sourceTree = "<group>"; };
		7A9988121E24EE3E006175CC /* TCServiceWrapper.h */ = {isa = PBXFileReference; fileEncoding = 4; lastKnownFileType = sourcecode.c.h; path = TCServiceWrapper.h; sourceTree = "<group>"; };
		7A9988131E24EE3E006175CC /* TCServiceWrapper.m */ = {isa = PBXFileReference; fileEncoding = 4; lastKnownFileType = sourcecode.c.objc; path = TCServiceWrapper.m; sourceTree = "<group>"; };
		7A9988221E24EE4B006175CC /* TCUploadInfo.h */ = {isa = PBXFileReference; fileEncoding = 4; lastKnownFileType = sourcecode.c.h; path = TCUploadInfo.h; sourceTree = "<group>"; };
		7A9988231E24EE4B006175CC /* TCUploadInfo.m */ = {isa = PBXFileReference; fileEncoding = 4; lastKnownFileType = sourcecode.c.objc; path = TCUploadInfo.m; sourceTree = "<group>"; };
		7A9988251E24EFE6006175CC /* TCUserPhoneInfo.h */ = {isa = PBXFileReference; fileEncoding = 4; lastKnownFileType = sourcecode.c.h; path = TCUserPhoneInfo.h; sourceTree = "<group>"; };
		7A9988261E24EFE6006175CC /* TCUserPhoneInfo.m */ = {isa = PBXFileReference; fileEncoding = 4; lastKnownFileType = sourcecode.c.objc; path = TCUserPhoneInfo.m; sourceTree = "<group>"; };
		7ABCC0851E2622C800750E47 /* TCHomeCommodityTableViewCell.h */ = {isa = PBXFileReference; fileEncoding = 4; lastKnownFileType = sourcecode.c.h; path = TCHomeCommodityTableViewCell.h; sourceTree = "<group>"; };
		7ABCC0861E2622C800750E47 /* TCHomeCommodityTableViewCell.m */ = {isa = PBXFileReference; fileEncoding = 4; lastKnownFileType = sourcecode.c.objc; path = TCHomeCommodityTableViewCell.m; sourceTree = "<group>"; };
		7ABCC0871E2622C800750E47 /* TCLocationViewController.h */ = {isa = PBXFileReference; fileEncoding = 4; lastKnownFileType = sourcecode.c.h; path = TCLocationViewController.h; sourceTree = "<group>"; };
		7ABCC0881E2622C800750E47 /* TCLocationViewController.m */ = {isa = PBXFileReference; fileEncoding = 4; lastKnownFileType = sourcecode.c.objc; path = TCLocationViewController.m; sourceTree = "<group>"; };
		7ABCC08A1E2622C800750E47 /* TCRecommendGoodCell.h */ = {isa = PBXFileReference; fileEncoding = 4; lastKnownFileType = sourcecode.c.h; path = TCRecommendGoodCell.h; sourceTree = "<group>"; };
		7ABCC08B1E2622C800750E47 /* TCRecommendGoodCell.m */ = {isa = PBXFileReference; fileEncoding = 4; lastKnownFileType = sourcecode.c.objc; path = TCRecommendGoodCell.m; sourceTree = "<group>"; };
		7ABCC08C1E2622C800750E47 /* TCRecommendInfoViewController.h */ = {isa = PBXFileReference; fileEncoding = 4; lastKnownFileType = sourcecode.c.h; path = TCRecommendInfoViewController.h; sourceTree = "<group>"; };
		7ABCC08D1E2622C800750E47 /* TCRecommendInfoViewController.m */ = {isa = PBXFileReference; fileEncoding = 4; lastKnownFileType = sourcecode.c.objc; path = TCRecommendInfoViewController.m; sourceTree = "<group>"; };
		7ABCC08E1E2622C800750E47 /* TCRecommendListViewController.h */ = {isa = PBXFileReference; fileEncoding = 4; lastKnownFileType = sourcecode.c.h; path = TCRecommendListViewController.h; sourceTree = "<group>"; };
		7ABCC08F1E2622C800750E47 /* TCRecommendListViewController.m */ = {isa = PBXFileReference; fileEncoding = 4; lastKnownFileType = sourcecode.c.objc; path = TCRecommendListViewController.m; sourceTree = "<group>"; };
		7ABCC0911E2622C800750E47 /* TCRestaurantInfoViewController.h */ = {isa = PBXFileReference; fileEncoding = 4; lastKnownFileType = sourcecode.c.h; path = TCRestaurantInfoViewController.h; sourceTree = "<group>"; };
		7ABCC0921E2622C800750E47 /* TCRestaurantInfoViewController.m */ = {isa = PBXFileReference; fileEncoding = 4; lastKnownFileType = sourcecode.c.objc; path = TCRestaurantInfoViewController.m; sourceTree = "<group>"; };
		7ABCC0931E2622C800750E47 /* TCRestaurantTableViewCell.h */ = {isa = PBXFileReference; fileEncoding = 4; lastKnownFileType = sourcecode.c.h; path = TCRestaurantTableViewCell.h; sourceTree = "<group>"; };
		7ABCC0941E2622C800750E47 /* TCRestaurantTableViewCell.m */ = {isa = PBXFileReference; fileEncoding = 4; lastKnownFileType = sourcecode.c.objc; path = TCRestaurantTableViewCell.m; sourceTree = "<group>"; };
		7ABCC0951E2622C800750E47 /* TCRestaurantViewController.h */ = {isa = PBXFileReference; fileEncoding = 4; lastKnownFileType = sourcecode.c.h; path = TCRestaurantViewController.h; sourceTree = "<group>"; };
		7ABCC0961E2622C800750E47 /* TCRestaurantViewController.m */ = {isa = PBXFileReference; fileEncoding = 4; lastKnownFileType = sourcecode.c.objc; path = TCRestaurantViewController.m; sourceTree = "<group>"; };
		7ABCC0971E2622C800750E47 /* TCHomeViewController.h */ = {isa = PBXFileReference; fileEncoding = 4; lastKnownFileType = sourcecode.c.h; path = TCHomeViewController.h; sourceTree = "<group>"; };
		7ABCC0981E2622C800750E47 /* TCHomeViewController.m */ = {isa = PBXFileReference; fileEncoding = 4; lastKnownFileType = sourcecode.c.objc; path = TCHomeViewController.m; sourceTree = "<group>"; };
		7ABCC0991E2622C800750E47 /* TCHomeViewController.xib */ = {isa = PBXFileReference; fileEncoding = 4; lastKnownFileType = file.xib; path = TCHomeViewController.xib; sourceTree = "<group>"; };
		7ABCC09E1E2622C800750E47 /* TCAnnotation.h */ = {isa = PBXFileReference; fileEncoding = 4; lastKnownFileType = sourcecode.c.h; path = TCAnnotation.h; sourceTree = "<group>"; };
		7ABCC09F1E2622C800750E47 /* TCAnnotation.m */ = {isa = PBXFileReference; fileEncoding = 4; lastKnownFileType = sourcecode.c.objc; path = TCAnnotation.m; sourceTree = "<group>"; };
		7ABCC0A01E2622C800750E47 /* TCCalloutAnnotationView.h */ = {isa = PBXFileReference; fileEncoding = 4; lastKnownFileType = sourcecode.c.h; path = TCCalloutAnnotationView.h; sourceTree = "<group>"; };
		7ABCC0A11E2622C800750E47 /* TCCalloutAnnotationView.m */ = {isa = PBXFileReference; fileEncoding = 4; lastKnownFileType = sourcecode.c.objc; path = TCCalloutAnnotationView.m; sourceTree = "<group>"; };
		7ABCC0A21E2622C800750E47 /* TCDetailAnnotation.h */ = {isa = PBXFileReference; fileEncoding = 4; lastKnownFileType = sourcecode.c.h; path = TCDetailAnnotation.h; sourceTree = "<group>"; };
		7ABCC0A31E2622C800750E47 /* TCDetailAnnotation.m */ = {isa = PBXFileReference; fileEncoding = 4; lastKnownFileType = sourcecode.c.objc; path = TCDetailAnnotation.m; sourceTree = "<group>"; };
		7ABCC0A41E2622C800750E47 /* TCDetailAnnotationView.h */ = {isa = PBXFileReference; fileEncoding = 4; lastKnownFileType = sourcecode.c.h; path = TCDetailAnnotationView.h; sourceTree = "<group>"; };
		7ABCC0A51E2622C800750E47 /* TCDetailAnnotationView.m */ = {isa = PBXFileReference; fileEncoding = 4; lastKnownFileType = sourcecode.c.objc; path = TCDetailAnnotationView.m; sourceTree = "<group>"; };
		7ABCC0A61E2622C800750E47 /* TCUserLocationAnnotation.h */ = {isa = PBXFileReference; fileEncoding = 4; lastKnownFileType = sourcecode.c.h; path = TCUserLocationAnnotation.h; sourceTree = "<group>"; };
		7ABCC0A71E2622C800750E47 /* TCUserLocationAnnotation.m */ = {isa = PBXFileReference; fileEncoding = 4; lastKnownFileType = sourcecode.c.objc; path = TCUserLocationAnnotation.m; sourceTree = "<group>"; };
		7ABCC0A81E2622C800750E47 /* TCUserLocationAnnotationView.h */ = {isa = PBXFileReference; fileEncoding = 4; lastKnownFileType = sourcecode.c.h; path = TCUserLocationAnnotationView.h; sourceTree = "<group>"; };
		7ABCC0A91E2622C800750E47 /* TCUserLocationAnnotationView.m */ = {isa = PBXFileReference; fileEncoding = 4; lastKnownFileType = sourcecode.c.objc; path = TCUserLocationAnnotationView.m; sourceTree = "<group>"; };
		7ABCC0AC1E2622C800750E47 /* TCRecommendFooter.h */ = {isa = PBXFileReference; fileEncoding = 4; lastKnownFileType = sourcecode.c.h; path = TCRecommendFooter.h; sourceTree = "<group>"; };
		7ABCC0AD1E2622C800750E47 /* TCRecommendFooter.m */ = {isa = PBXFileReference; fileEncoding = 4; lastKnownFileType = sourcecode.c.objc; path = TCRecommendFooter.m; sourceTree = "<group>"; };
		7ABCC0AE1E2622C800750E47 /* TCRecommendHeader.h */ = {isa = PBXFileReference; fileEncoding = 4; lastKnownFileType = sourcecode.c.h; path = TCRecommendHeader.h; sourceTree = "<group>"; };
		7ABCC0AF1E2622C800750E47 /* TCRecommendHeader.m */ = {isa = PBXFileReference; fileEncoding = 4; lastKnownFileType = sourcecode.c.objc; path = TCRecommendHeader.m; sourceTree = "<group>"; };
		7ABCC0B11E2622C800750E47 /* TCGoodSelectTitleView.h */ = {isa = PBXFileReference; fileEncoding = 4; lastKnownFileType = sourcecode.c.h; path = TCGoodSelectTitleView.h; sourceTree = "<group>"; };
		7ABCC0B21E2622C800750E47 /* TCGoodSelectTitleView.m */ = {isa = PBXFileReference; fileEncoding = 4; lastKnownFileType = sourcecode.c.objc; path = TCGoodSelectTitleView.m; sourceTree = "<group>"; };
		7ABCC0B31E2622C800750E47 /* TCGoodSelectView.h */ = {isa = PBXFileReference; fileEncoding = 4; lastKnownFileType = sourcecode.c.h; path = TCGoodSelectView.h; sourceTree = "<group>"; };
		7ABCC0B41E2622C800750E47 /* TCGoodSelectView.m */ = {isa = PBXFileReference; fileEncoding = 4; lastKnownFileType = sourcecode.c.objc; path = TCGoodSelectView.m; sourceTree = "<group>"; };
		7ABCC0B51E2622C800750E47 /* TCSelectButton.h */ = {isa = PBXFileReference; fileEncoding = 4; lastKnownFileType = sourcecode.c.h; path = TCSelectButton.h; sourceTree = "<group>"; };
		7ABCC0B61E2622C800750E47 /* TCSelectButton.m */ = {isa = PBXFileReference; fileEncoding = 4; lastKnownFileType = sourcecode.c.objc; path = TCSelectButton.m; sourceTree = "<group>"; };
		7ABCC0B71E2622C800750E47 /* TCSelectPrimaryBtn.h */ = {isa = PBXFileReference; fileEncoding = 4; lastKnownFileType = sourcecode.c.h; path = TCSelectPrimaryBtn.h; sourceTree = "<group>"; };
		7ABCC0B81E2622C800750E47 /* TCSelectPrimaryBtn.m */ = {isa = PBXFileReference; fileEncoding = 4; lastKnownFileType = sourcecode.c.objc; path = TCSelectPrimaryBtn.m; sourceTree = "<group>"; };
		7ABCC0B91E2622C800750E47 /* TCSelectSecondaryBtn.h */ = {isa = PBXFileReference; fileEncoding = 4; lastKnownFileType = sourcecode.c.h; path = TCSelectSecondaryBtn.h; sourceTree = "<group>"; };
		7ABCC0BA1E2622C800750E47 /* TCSelectSecondaryBtn.m */ = {isa = PBXFileReference; fileEncoding = 4; lastKnownFileType = sourcecode.c.objc; path = TCSelectSecondaryBtn.m; sourceTree = "<group>"; };
		7ABCC0BB1E2622C800750E47 /* TCGoodShopView.h */ = {isa = PBXFileReference; fileEncoding = 4; lastKnownFileType = sourcecode.c.h; path = TCGoodShopView.h; sourceTree = "<group>"; };
		7ABCC0BC1E2622C800750E47 /* TCGoodShopView.m */ = {isa = PBXFileReference; fileEncoding = 4; lastKnownFileType = sourcecode.c.objc; path = TCGoodShopView.m; sourceTree = "<group>"; };
		7ABCC0BD1E2622C800750E47 /* TCGoodTitleView.h */ = {isa = PBXFileReference; fileEncoding = 4; lastKnownFileType = sourcecode.c.h; path = TCGoodTitleView.h; sourceTree = "<group>"; };
		7ABCC0BE1E2622C800750E47 /* TCGoodTitleView.m */ = {isa = PBXFileReference; fileEncoding = 4; lastKnownFileType = sourcecode.c.objc; path = TCGoodTitleView.m; sourceTree = "<group>"; };
		7ABCC0BF1E2622C800750E47 /* TCImgPageControl.h */ = {isa = PBXFileReference; fileEncoding = 4; lastKnownFileType = sourcecode.c.h; path = TCImgPageControl.h; sourceTree = "<group>"; };
		7ABCC0C01E2622C800750E47 /* TCImgPageControl.m */ = {isa = PBXFileReference; fileEncoding = 4; lastKnownFileType = sourcecode.c.objc; path = TCImgPageControl.m; sourceTree = "<group>"; };
		7ABCC0C31E2622C800750E47 /* TCRestaurantLogoView.h */ = {isa = PBXFileReference; fileEncoding = 4; lastKnownFileType = sourcecode.c.h; path = TCRestaurantLogoView.h; sourceTree = "<group>"; };
		7ABCC0C41E2622C800750E47 /* TCRestaurantLogoView.m */ = {isa = PBXFileReference; fileEncoding = 4; lastKnownFileType = sourcecode.c.objc; path = TCRestaurantLogoView.m; sourceTree = "<group>"; };
		7ABCC0C61E2622C800750E47 /* TCRestaurantFilterView.h */ = {isa = PBXFileReference; fileEncoding = 4; lastKnownFileType = sourcecode.c.h; path = TCRestaurantFilterView.h; sourceTree = "<group>"; };
		7ABCC0C71E2622C800750E47 /* TCRestaurantFilterView.m */ = {isa = PBXFileReference; fileEncoding = 4; lastKnownFileType = sourcecode.c.objc; path = TCRestaurantFilterView.m; sourceTree = "<group>"; };
		7ABCC0C81E2622C800750E47 /* TCRestaurantSortView.h */ = {isa = PBXFileReference; fileEncoding = 4; lastKnownFileType = sourcecode.c.h; path = TCRestaurantSortView.h; sourceTree = "<group>"; };
		7ABCC0C91E2622C800750E47 /* TCRestaurantSortView.m */ = {isa = PBXFileReference; fileEncoding = 4; lastKnownFileType = sourcecode.c.objc; path = TCRestaurantSortView.m; sourceTree = "<group>"; };
		7ABCC0CA1E2622C800750E47 /* TCSelectSortButton.h */ = {isa = PBXFileReference; fileEncoding = 4; lastKnownFileType = sourcecode.c.h; path = TCSelectSortButton.h; sourceTree = "<group>"; };
		7ABCC0CB1E2622C800750E47 /* TCSelectSortButton.m */ = {isa = PBXFileReference; fileEncoding = 4; lastKnownFileType = sourcecode.c.objc; path = TCSelectSortButton.m; sourceTree = "<group>"; };
		7ABCC0CC1E2622C800750E47 /* TCServiceFilterView.h */ = {isa = PBXFileReference; fileEncoding = 4; lastKnownFileType = sourcecode.c.h; path = TCServiceFilterView.h; sourceTree = "<group>"; };
		7ABCC0CD1E2622C800750E47 /* TCServiceFilterView.m */ = {isa = PBXFileReference; fileEncoding = 4; lastKnownFileType = sourcecode.c.objc; path = TCServiceFilterView.m; sourceTree = "<group>"; };
		7ABCC0CE1E2622C800750E47 /* TCServiceSelectBtn.h */ = {isa = PBXFileReference; fileEncoding = 4; lastKnownFileType = sourcecode.c.h; path = TCServiceSelectBtn.h; sourceTree = "<group>"; };
		7ABCC0CF1E2622C800750E47 /* TCServiceSelectBtn.m */ = {isa = PBXFileReference; fileEncoding = 4; lastKnownFileType = sourcecode.c.objc; path = TCServiceSelectBtn.m; sourceTree = "<group>"; };
		7ABCC0F11E2622DE00750E47 /* TCComponent.h */ = {isa = PBXFileReference; fileEncoding = 4; lastKnownFileType = sourcecode.c.h; path = TCComponent.h; sourceTree = "<group>"; };
		7ABCC0F21E2622DE00750E47 /* TCComponent.m */ = {isa = PBXFileReference; fileEncoding = 4; lastKnownFileType = sourcecode.c.objc; path = TCComponent.m; sourceTree = "<group>"; };
		7ABCC0F31E2622DE00750E47 /* TCGetNavigationItem.h */ = {isa = PBXFileReference; fileEncoding = 4; lastKnownFileType = sourcecode.c.h; path = TCGetNavigationItem.h; sourceTree = "<group>"; };
		7ABCC0F41E2622DE00750E47 /* TCGetNavigationItem.m */ = {isa = PBXFileReference; fileEncoding = 4; lastKnownFileType = sourcecode.c.objc; path = TCGetNavigationItem.m; sourceTree = "<group>"; };
		7ABCC1001E262B7A00750E47 /* TCGoodsViewController.h */ = {isa = PBXFileReference; fileEncoding = 4; lastKnownFileType = sourcecode.c.h; path = TCGoodsViewController.h; sourceTree = "<group>"; };
		7ABCC1011E262B7A00750E47 /* TCGoodsViewController.m */ = {isa = PBXFileReference; fileEncoding = 4; lastKnownFileType = sourcecode.c.objc; path = TCGoodsViewController.m; sourceTree = "<group>"; };
		7ABCC1031E262B8F00750E47 /* TCOrderViewController.h */ = {isa = PBXFileReference; fileEncoding = 4; lastKnownFileType = sourcecode.c.h; path = TCOrderViewController.h; sourceTree = "<group>"; };
		7ABCC1041E262B8F00750E47 /* TCOrderViewController.m */ = {isa = PBXFileReference; fileEncoding = 4; lastKnownFileType = sourcecode.c.objc; path = TCOrderViewController.m; sourceTree = "<group>"; };
		7ABCC1061E262BA000750E47 /* TCProfileViewController.h */ = {isa = PBXFileReference; fileEncoding = 4; lastKnownFileType = sourcecode.c.h; path = TCProfileViewController.h; sourceTree = "<group>"; };
		7ABCC1071E262BA000750E47 /* TCProfileViewController.m */ = {isa = PBXFileReference; fileEncoding = 4; lastKnownFileType = sourcecode.c.objc; path = TCProfileViewController.m; sourceTree = "<group>"; };
		7ABCC10F1E26337100750E47 /* zh-Hans */ = {isa = PBXFileReference; lastKnownFileType = text.plist.strings; name = "zh-Hans"; path = "zh-Hans.lproj/LaunchScreen.strings"; sourceTree = "<group>"; };
		7AE92B691E2C79970012B11E /* TCPhotoModeView.h */ = {isa = PBXFileReference; fileEncoding = 4; lastKnownFileType = sourcecode.c.h; path = TCPhotoModeView.h; sourceTree = "<group>"; };
		7AE92B6A1E2C79970012B11E /* TCPhotoModeView.m */ = {isa = PBXFileReference; fileEncoding = 4; lastKnownFileType = sourcecode.c.objc; path = TCPhotoModeView.m; sourceTree = "<group>"; };
		7AE92B6E1E2CB1280012B11E /* TCScannerBorder.h */ = {isa = PBXFileReference; fileEncoding = 4; lastKnownFileType = sourcecode.c.h; path = TCScannerBorder.h; sourceTree = "<group>"; };
		7AE92B6F1E2CB1280012B11E /* TCScannerBorder.m */ = {isa = PBXFileReference; fileEncoding = 4; lastKnownFileType = sourcecode.c.objc; path = TCScannerBorder.m; sourceTree = "<group>"; };
		7AE92B701E2CB1280012B11E /* TCScannerMaskView.h */ = {isa = PBXFileReference; fileEncoding = 4; lastKnownFileType = sourcecode.c.h; path = TCScannerMaskView.h; sourceTree = "<group>"; };
		7AE92B711E2CB1280012B11E /* TCScannerMaskView.m */ = {isa = PBXFileReference; fileEncoding = 4; lastKnownFileType = sourcecode.c.objc; path = TCScannerMaskView.m; sourceTree = "<group>"; };
		7AE92B741E2CB1350012B11E /* TCQRCodeViewController.h */ = {isa = PBXFileReference; fileEncoding = 4; lastKnownFileType = sourcecode.c.h; path = TCQRCodeViewController.h; sourceTree = "<group>"; };
		7AE92B751E2CB1350012B11E /* TCQRCodeViewController.m */ = {isa = PBXFileReference; fileEncoding = 4; lastKnownFileType = sourcecode.c.objc; path = TCQRCodeViewController.m; sourceTree = "<group>"; };
		7AE92B781E2CB2280012B11E /* TCAboutUSViewController.h */ = {isa = PBXFileReference; fileEncoding = 4; lastKnownFileType = sourcecode.c.h; path = TCAboutUSViewController.h; sourceTree = "<group>"; };
		7AE92B791E2CB2280012B11E /* TCAboutUSViewController.m */ = {isa = PBXFileReference; fileEncoding = 4; lastKnownFileType = sourcecode.c.objc; path = TCAboutUSViewController.m; sourceTree = "<group>"; };
		7AE92B7C1E2CB2280012B11E /* TCSuggestionViewController.h */ = {isa = PBXFileReference; fileEncoding = 4; lastKnownFileType = sourcecode.c.h; path = TCSuggestionViewController.h; sourceTree = "<group>"; };
		7AE92B7D1E2CB2280012B11E /* TCSuggestionViewController.m */ = {isa = PBXFileReference; fileEncoding = 4; lastKnownFileType = sourcecode.c.objc; path = TCSuggestionViewController.m; sourceTree = "<group>"; };
		7AE92B8B1E2CB2C20012B11E /* TCCommonIndicatorViewCell.h */ = {isa = PBXFileReference; fileEncoding = 4; lastKnownFileType = sourcecode.c.h; path = TCCommonIndicatorViewCell.h; sourceTree = "<group>"; };
		7AE92B8C1E2CB2C20012B11E /* TCCommonIndicatorViewCell.m */ = {isa = PBXFileReference; fileEncoding = 4; lastKnownFileType = sourcecode.c.objc; path = TCCommonIndicatorViewCell.m; sourceTree = "<group>"; };
		7AE92B8E1E2CB2D80012B11E /* TCCommonButton.h */ = {isa = PBXFileReference; fileEncoding = 4; lastKnownFileType = sourcecode.c.h; path = TCCommonButton.h; sourceTree = "<group>"; };
		7AE92B8F1E2CB2D80012B11E /* TCCommonButton.m */ = {isa = PBXFileReference; fileEncoding = 4; lastKnownFileType = sourcecode.c.objc; path = TCCommonButton.m; sourceTree = "<group>"; };
		AF80221D1AF577A91976C738 /* Pods-store.debug.xcconfig */ = {isa = PBXFileReference; includeInIndex = 1; lastKnownFileType = text.xcconfig; name = "Pods-store.debug.xcconfig"; path = "Pods/Target Support Files/Pods-store/Pods-store.debug.xcconfig"; sourceTree = "<group>"; };
		B00C8004B261DE1B413018A3 /* libPods-store.a */ = {isa = PBXFileReference; explicitFileType = archive.ar; includeInIndex = 0; path = "libPods-store.a"; sourceTree = BUILT_PRODUCTS_DIR; };
		D54209AED3B5DC0C7B24D243 /* Pods-store.release.xcconfig */ = {isa = PBXFileReference; includeInIndex = 1; lastKnownFileType = text.xcconfig; name = "Pods-store.release.xcconfig"; path = "Pods/Target Support Files/Pods-store/Pods-store.release.xcconfig"; sourceTree = "<group>"; };
/* End PBXFileReference section */

/* Begin PBXFrameworksBuildPhase section */
		7A9987191E24959F006175CC /* Frameworks */ = {
			isa = PBXFrameworksBuildPhase;
			buildActionMask = 2147483647;
			files = (
				E71BB80DAB52591718DA7767 /* libPods-store.a in Frameworks */,
			);
			runOnlyForDeploymentPostprocessing = 0;
		};
		7A9987321E24959F006175CC /* Frameworks */ = {
			isa = PBXFrameworksBuildPhase;
			buildActionMask = 2147483647;
			files = (
			);
			runOnlyForDeploymentPostprocessing = 0;
		};
		7A99873D1E24959F006175CC /* Frameworks */ = {
			isa = PBXFrameworksBuildPhase;
			buildActionMask = 2147483647;
			files = (
			);
			runOnlyForDeploymentPostprocessing = 0;
		};
/* End PBXFrameworksBuildPhase section */

/* Begin PBXGroup section */
		7A55F4151E287F5B0018FED3 /* Login */ = {
			isa = PBXGroup;
			children = (
				7A55F4161E287F5B0018FED3 /* Controller */,
				7A55F41C1E287F5B0018FED3 /* View */,
			);
			path = Login;
			sourceTree = "<group>";
		};
		7A55F4161E287F5B0018FED3 /* Controller */ = {
			isa = PBXGroup;
			children = (
				7A55F4171E287F5B0018FED3 /* TCLoginViewController.h */,
				7A55F4181E287F5B0018FED3 /* TCLoginViewController.m */,
				7A55F4191E287F5B0018FED3 /* TCLoginViewController.xib */,
				7A55F41A1E287F5B0018FED3 /* TCUserAgreementViewController.h */,
				7A55F41B1E287F5B0018FED3 /* TCUserAgreementViewController.m */,
			);
			path = Controller;
			sourceTree = "<group>";
		};
		7A55F41C1E287F5B0018FED3 /* View */ = {
			isa = PBXGroup;
			children = (
				7A55F41D1E287F5B0018FED3 /* TCGetPasswordView.h */,
				7A55F41E1E287F5B0018FED3 /* TCGetPasswordView.m */,
				7A55F41F1E287F5B0018FED3 /* TCGetPasswordView.xib */,
			);
			path = View;
			sourceTree = "<group>";
		};
		7A55F4251E2886BC0018FED3 /* Store */ = {
			isa = PBXGroup;
			children = (
				7A55F4261E288B0B0018FED3 /* TCStoreInfo.h */,
				7A55F4271E288B0B0018FED3 /* TCStoreInfo.m */,
				7A55F4291E288B1F0018FED3 /* TCStoreDetailInfo.h */,
				7A55F42A1E288B1F0018FED3 /* TCStoreDetailInfo.m */,
			);
			path = Store;
			sourceTree = "<group>";
		};
		7A9987131E24959F006175CC = {
			isa = PBXGroup;
			children = (
				7A99871E1E24959F006175CC /* store */,
				7A9987381E24959F006175CC /* storeTests */,
				7A9987431E24959F006175CC /* storeUITests */,
				7A99871D1E24959F006175CC /* Products */,
				A20F3A5039DCEF23EF313FFC /* Pods */,
				B113031E1795EC31C30EC418 /* Frameworks */,
			);
			sourceTree = "<group>";
		};
		7A99871D1E24959F006175CC /* Products */ = {
			isa = PBXGroup;
			children = (
				7A99871C1E24959F006175CC /* store.app */,
				7A9987351E24959F006175CC /* storeTests.xctest */,
				7A9987401E24959F006175CC /* storeUITests.xctest */,
			);
			name = Products;
			sourceTree = "<group>";
		};
		7A99871E1E24959F006175CC /* store */ = {
			isa = PBXGroup;
			children = (
				7A9987221E24959F006175CC /* AppDelegate.h */,
				7A9987231E24959F006175CC /* AppDelegate.m */,
				7A9987551E2497A4006175CC /* Common */,
				7A9987541E24979B006175CC /* Service */,
				7A9987531E249791006175CC /* Feature */,
				7A9987521E249788006175CC /* Resource */,
				7A99871F1E24959F006175CC /* Supporting Files */,
			);
			path = store;
			sourceTree = "<group>";
		};
		7A99871F1E24959F006175CC /* Supporting Files */ = {
			isa = PBXGroup;
			children = (
				7A99872B1E24959F006175CC /* Assets.xcassets */,
				7A99872D1E24959F006175CC /* LaunchScreen.storyboard */,
				7A9987301E24959F006175CC /* Info.plist */,
				7A9987621E24998F006175CC /* PrefixHeader.pch */,
				7A9987201E24959F006175CC /* main.m */,
			);
			name = "Supporting Files";
			sourceTree = "<group>";
		};
		7A9987381E24959F006175CC /* storeTests */ = {
			isa = PBXGroup;
			children = (
				7A9987391E24959F006175CC /* storeTests.m */,
				7A99873B1E24959F006175CC /* Info.plist */,
			);
			path = storeTests;
			sourceTree = "<group>";
		};
		7A9987431E24959F006175CC /* storeUITests */ = {
			isa = PBXGroup;
			children = (
				7A9987441E24959F006175CC /* storeUITests.m */,
				7A9987461E24959F006175CC /* Info.plist */,
			);
			path = storeUITests;
			sourceTree = "<group>";
		};
		7A9987521E249788006175CC /* Resource */ = {
			isa = PBXGroup;
			children = (
			);
			path = Resource;
			sourceTree = "<group>";
		};
		7A9987531E249791006175CC /* Feature */ = {
			isa = PBXGroup;
			children = (
				7A55F4151E287F5B0018FED3 /* Login */,
				7ABCC0821E2622C800750E47 /* Home */,
				7ABCC0F71E262B3C00750E47 /* Goods */,
				7ABCC0FA1E262B3C00750E47 /* Order */,
				7ABCC0FD1E262B3C00750E47 /* Profile */,
				7A9987561E2497D5006175CC /* Main */,
			);
			path = Feature;
			sourceTree = "<group>";
		};
		7A9987541E24979B006175CC /* Service */ = {
			isa = PBXGroup;
			children = (
				7A9987E91E24E7DF006175CC /* TCBuluoApi.h */,
				7A9987EA1E24E7DF006175CC /* TCBuluoApi.m */,
				7A9987C01E24C9FA006175CC /* WebService */,
				7A9987EC1E24E90D006175CC /* Model */,
			);
			path = Service;
			sourceTree = "<group>";
		};
		7A9987551E2497A4006175CC /* Common */ = {
			isa = PBXGroup;
			children = (
				7A9987D61E24E401006175CC /* Views */,
				7A9987D51E24E3FA006175CC /* Categories */,
				7A9987AB1E24C84B006175CC /* Controllers */,
				7A9987631E24C820006175CC /* Tools */,
				7A9987BF1E24C881006175CC /* Libs */,
			);
			path = Common;
			sourceTree = "<group>";
		};
		7A9987561E2497D5006175CC /* Main */ = {
			isa = PBXGroup;
			children = (
				7A9987571E2497D5006175CC /* Controller */,
				7A99875C1E2497D5006175CC /* View */,
			);
			path = Main;
			sourceTree = "<group>";
		};
		7A9987571E2497D5006175CC /* Controller */ = {
			isa = PBXGroup;
			children = (
				7A9987581E2497D5006175CC /* TCNavigationController.h */,
				7A9987591E2497D5006175CC /* TCNavigationController.m */,
				7A99875A1E2497D5006175CC /* TCTabBarController.h */,
				7A99875B1E2497D5006175CC /* TCTabBarController.m */,
			);
			path = Controller;
			sourceTree = "<group>";
		};
		7A99875C1E2497D5006175CC /* View */ = {
			isa = PBXGroup;
			children = (
			);
			path = View;
			sourceTree = "<group>";
		};
		7A9987631E24C820006175CC /* Tools */ = {
			isa = PBXGroup;
			children = (
				7A9987641E24C820006175CC /* TCArchiveService.h */,
				7A9987651E24C820006175CC /* TCArchiveService.m */,
				7A9987661E24C820006175CC /* TCFunctions.h */,
				7A9987671E24C820006175CC /* TCFunctions.m */,
				7A9987681E24C820006175CC /* TCImageURLSynthesizer.h */,
				7A9987691E24C820006175CC /* TCImageURLSynthesizer.m */,
				7A99876A1E24C820006175CC /* TCPhotoPicker.h */,
				7A99876B1E24C820006175CC /* TCPhotoPicker.m */,
				7A99876C1E24C820006175CC /* TCScanner.h */,
				7A99876D1E24C820006175CC /* TCScanner.m */,
			);
			path = Tools;
			sourceTree = "<group>";
		};
		7A9987AB1E24C84B006175CC /* Controllers */ = {
			isa = PBXGroup;
			children = (
				7A9987AC1E24C84B006175CC /* TCBaseViewController.h */,
				7A9987AD1E24C84B006175CC /* TCBaseViewController.m */,
			);
			path = Controllers;
			sourceTree = "<group>";
		};
		7A9987BF1E24C881006175CC /* Libs */ = {
			isa = PBXGroup;
			children = (
			);
			path = Libs;
			sourceTree = "<group>";
		};
		7A9987C01E24C9FA006175CC /* WebService */ = {
			isa = PBXGroup;
			children = (
				7A9987C11E24C9FA006175CC /* Client */,
			);
			path = WebService;
			sourceTree = "<group>";
		};
		7A9987C11E24C9FA006175CC /* Client */ = {
			isa = PBXGroup;
			children = (
				7A9987D21E24E371006175CC /* TCClient.h */,
				7A9987D31E24E371006175CC /* TCClient.m */,
				7A9987C41E24C9FA006175CC /* TCClientConfig.h */,
				7A9987C51E24C9FA006175CC /* TCClientConfig.m */,
				7A9987C61E24C9FA006175CC /* TCClientRequest.h */,
				7A9987C71E24C9FA006175CC /* TCClientRequest.m */,
				7A9987C81E24C9FA006175CC /* TCClientRequestError.h */,
				7A9987C91E24C9FA006175CC /* TCClientRequestError.m */,
				7A9987CA1E24C9FA006175CC /* TCClientResponse.h */,
				7A9987CB1E24C9FA006175CC /* TCClientResponse.m */,
			);
			path = Client;
			sourceTree = "<group>";
		};
		7A9987D51E24E3FA006175CC /* Categories */ = {
			isa = PBXGroup;
			children = (
				7A9987D71E24E41B006175CC /* MBProgressHUD+Category.h */,
				7A9987D81E24E41B006175CC /* MBProgressHUD+Category.m */,
				7A9987DA1E24E42B006175CC /* NSObject+TCModel.h */,
				7A9987DB1E24E42B006175CC /* NSObject+TCModel.m */,
				7A9987DC1E24E42B006175CC /* NSObject+TCNomal.h */,
				7A9987DD1E24E42B006175CC /* NSObject+TCNomal.m */,
				7A9987DE1E24E42B006175CC /* UIImage+Category.h */,
				7A9987DF1E24E42B006175CC /* UIImage+Category.m */,
				7A9987E01E24E42B006175CC /* UIView+Category.h */,
				7A9987E11E24E42B006175CC /* UIView+Category.m */,
			);
			path = Categories;
			sourceTree = "<group>";
		};
		7A9987D61E24E401006175CC /* Views */ = {
			isa = PBXGroup;
			children = (
				7AE92B8E1E2CB2D80012B11E /* TCCommonButton.h */,
				7AE92B8F1E2CB2D80012B11E /* TCCommonButton.m */,
				7AE92B8B1E2CB2C20012B11E /* TCCommonIndicatorViewCell.h */,
				7AE92B8C1E2CB2C20012B11E /* TCCommonIndicatorViewCell.m */,
				7A9987E61E24E472006175CC /* TCExtendButton.h */,
				7A9987E71E24E472006175CC /* TCExtendButton.m */,
				7AE92B691E2C79970012B11E /* TCPhotoModeView.h */,
				7AE92B6A1E2C79970012B11E /* TCPhotoModeView.m */,
			);
			path = Views;
			sourceTree = "<group>";
		};
		7A9987EC1E24E90D006175CC /* Model */ = {
			isa = PBXGroup;
			children = (
				7A9987F41E24EAF0006175CC /* TCModelImport.h */,
				7A9987F51E24EAF0006175CC /* TCModelImport.m */,
				7A55F4251E2886BC0018FED3 /* Store */,
				7A9988211E24EE4B006175CC /* Upload */,
				7A9987F71E24EE3E006175CC /* Goods */,
				7A9988071E24EE3E006175CC /* Service */,
				7A9987ED1E24E92A006175CC /* User */,
			);
			path = Model;
			sourceTree = "<group>";
		};
		7A9987ED1E24E92A006175CC /* User */ = {
			isa = PBXGroup;
			children = (
				7A9987EE1E24E958006175CC /* TCUserSession.h */,
				7A9987EF1E24E958006175CC /* TCUserSession.m */,
				7A9988251E24EFE6006175CC /* TCUserPhoneInfo.h */,
				7A9988261E24EFE6006175CC /* TCUserPhoneInfo.m */,
			);
			path = User;
			sourceTree = "<group>";
		};
		7A9987F71E24EE3E006175CC /* Goods */ = {
			isa = PBXGroup;
			children = (
				7A9987F81E24EE3E006175CC /* TCGoodDetail.h */,
				7A9987F91E24EE3E006175CC /* TCGoodDetail.m */,
				7A9987FA1E24EE3E006175CC /* TCGoods.h */,
				7A9987FB1E24EE3E006175CC /* TCGoods.m */,
				7A9987FC1E24EE3E006175CC /* TCGoodStandards.h */,
				7A9987FD1E24EE3E006175CC /* TCGoodStandards.m */,
				7A9987FE1E24EE3E006175CC /* TCGoodsWrapper.h */,
				7A9987FF1E24EE3E006175CC /* TCGoodsWrapper.m */,
			);
			path = Goods;
			sourceTree = "<group>";
		};
		7A9988071E24EE3E006175CC /* Service */ = {
			isa = PBXGroup;
			children = (
				7A9988081E24EE3E006175CC /* TCDetailStore.h */,
				7A9988091E24EE3E006175CC /* TCDetailStore.m */,
				7A99880A1E24EE3E006175CC /* TCListStore.h */,
				7A99880B1E24EE3E006175CC /* TCListStore.m */,
				7A99880C1E24EE3E006175CC /* TCMarkStore.h */,
				7A99880D1E24EE3E006175CC /* TCMarkStore.m */,
				7A99880E1E24EE3E006175CC /* TCServiceDetail.h */,
				7A99880F1E24EE3E006175CC /* TCServiceDetail.m */,
				7A9988101E24EE3E006175CC /* TCServices.h */,
				7A9988111E24EE3E006175CC /* TCServices.m */,
				7A9988121E24EE3E006175CC /* TCServiceWrapper.h */,
				7A9988131E24EE3E006175CC /* TCServiceWrapper.m */,
			);
			path = Service;
			sourceTree = "<group>";
		};
		7A9988211E24EE4B006175CC /* Upload */ = {
			isa = PBXGroup;
			children = (
				7A9988221E24EE4B006175CC /* TCUploadInfo.h */,
				7A9988231E24EE4B006175CC /* TCUploadInfo.m */,
			);
			path = Upload;
			sourceTree = "<group>";
		};
		7ABCC0821E2622C800750E47 /* Home */ = {
			isa = PBXGroup;
			children = (
				7ABCC0F11E2622DE00750E47 /* TCComponent.h */,
				7ABCC0F21E2622DE00750E47 /* TCComponent.m */,
				7ABCC0F31E2622DE00750E47 /* TCGetNavigationItem.h */,
				7ABCC0F41E2622DE00750E47 /* TCGetNavigationItem.m */,
				7ABCC0831E2622C800750E47 /* Controller */,
				7ABCC09C1E2622C800750E47 /* View */,
			);
			path = Home;
			sourceTree = "<group>";
		};
		7ABCC0831E2622C800750E47 /* Controller */ = {
			isa = PBXGroup;
			children = (
				7ABCC0841E2622C800750E47 /* Map */,
				7ABCC0891E2622C800750E47 /* RecommendBoutique */,
				7ABCC0901E2622C800750E47 /* Service */,
				7ABCC0971E2622C800750E47 /* TCHomeViewController.h */,
				7ABCC0981E2622C800750E47 /* TCHomeViewController.m */,
				7ABCC0991E2622C800750E47 /* TCHomeViewController.xib */,
			);
			path = Controller;
			sourceTree = "<group>";
		};
		7ABCC0841E2622C800750E47 /* Map */ = {
			isa = PBXGroup;
			children = (
				7ABCC0851E2622C800750E47 /* TCHomeCommodityTableViewCell.h */,
				7ABCC0861E2622C800750E47 /* TCHomeCommodityTableViewCell.m */,
				7ABCC0871E2622C800750E47 /* TCLocationViewController.h */,
				7ABCC0881E2622C800750E47 /* TCLocationViewController.m */,
			);
			path = Map;
			sourceTree = "<group>";
		};
		7ABCC0891E2622C800750E47 /* RecommendBoutique */ = {
			isa = PBXGroup;
			children = (
				7ABCC08A1E2622C800750E47 /* TCRecommendGoodCell.h */,
				7ABCC08B1E2622C800750E47 /* TCRecommendGoodCell.m */,
				7ABCC08C1E2622C800750E47 /* TCRecommendInfoViewController.h */,
				7ABCC08D1E2622C800750E47 /* TCRecommendInfoViewController.m */,
				7ABCC08E1E2622C800750E47 /* TCRecommendListViewController.h */,
				7ABCC08F1E2622C800750E47 /* TCRecommendListViewController.m */,
			);
			path = RecommendBoutique;
			sourceTree = "<group>";
		};
		7ABCC0901E2622C800750E47 /* Service */ = {
			isa = PBXGroup;
			children = (
				7ABCC0911E2622C800750E47 /* TCRestaurantInfoViewController.h */,
				7ABCC0921E2622C800750E47 /* TCRestaurantInfoViewController.m */,
				7ABCC0931E2622C800750E47 /* TCRestaurantTableViewCell.h */,
				7ABCC0941E2622C800750E47 /* TCRestaurantTableViewCell.m */,
				7ABCC0951E2622C800750E47 /* TCRestaurantViewController.h */,
				7ABCC0961E2622C800750E47 /* TCRestaurantViewController.m */,
			);
			path = Service;
			sourceTree = "<group>";
		};
		7ABCC09C1E2622C800750E47 /* View */ = {
			isa = PBXGroup;
			children = (
				7ABCC09D1E2622C800750E47 /* Map */,
				7ABCC0AA1E2622C800750E47 /* RecommendBoutique */,
				7ABCC0C11E2622C800750E47 /* Service */,
			);
			path = View;
			sourceTree = "<group>";
		};
		7ABCC09D1E2622C800750E47 /* Map */ = {
			isa = PBXGroup;
			children = (
				7ABCC09E1E2622C800750E47 /* TCAnnotation.h */,
				7ABCC09F1E2622C800750E47 /* TCAnnotation.m */,
				7ABCC0A01E2622C800750E47 /* TCCalloutAnnotationView.h */,
				7ABCC0A11E2622C800750E47 /* TCCalloutAnnotationView.m */,
				7ABCC0A21E2622C800750E47 /* TCDetailAnnotation.h */,
				7ABCC0A31E2622C800750E47 /* TCDetailAnnotation.m */,
				7ABCC0A41E2622C800750E47 /* TCDetailAnnotationView.h */,
				7ABCC0A51E2622C800750E47 /* TCDetailAnnotationView.m */,
				7ABCC0A61E2622C800750E47 /* TCUserLocationAnnotation.h */,
				7ABCC0A71E2622C800750E47 /* TCUserLocationAnnotation.m */,
				7ABCC0A81E2622C800750E47 /* TCUserLocationAnnotationView.h */,
				7ABCC0A91E2622C800750E47 /* TCUserLocationAnnotationView.m */,
			);
			path = Map;
			sourceTree = "<group>";
		};
		7ABCC0AA1E2622C800750E47 /* RecommendBoutique */ = {
			isa = PBXGroup;
			children = (
				7ABCC0AB1E2622C800750E47 /* Refresh */,
				7ABCC0B01E2622C800750E47 /* SelectStandard */,
				7ABCC0BB1E2622C800750E47 /* TCGoodShopView.h */,
				7ABCC0BC1E2622C800750E47 /* TCGoodShopView.m */,
				7ABCC0BD1E2622C800750E47 /* TCGoodTitleView.h */,
				7ABCC0BE1E2622C800750E47 /* TCGoodTitleView.m */,
				7ABCC0BF1E2622C800750E47 /* TCImgPageControl.h */,
				7ABCC0C01E2622C800750E47 /* TCImgPageControl.m */,
			);
			path = RecommendBoutique;
			sourceTree = "<group>";
		};
		7ABCC0AB1E2622C800750E47 /* Refresh */ = {
			isa = PBXGroup;
			children = (
				7ABCC0AC1E2622C800750E47 /* TCRecommendFooter.h */,
				7ABCC0AD1E2622C800750E47 /* TCRecommendFooter.m */,
				7ABCC0AE1E2622C800750E47 /* TCRecommendHeader.h */,
				7ABCC0AF1E2622C800750E47 /* TCRecommendHeader.m */,
			);
			path = Refresh;
			sourceTree = "<group>";
		};
		7ABCC0B01E2622C800750E47 /* SelectStandard */ = {
			isa = PBXGroup;
			children = (
				7ABCC0B11E2622C800750E47 /* TCGoodSelectTitleView.h */,
				7ABCC0B21E2622C800750E47 /* TCGoodSelectTitleView.m */,
				7ABCC0B31E2622C800750E47 /* TCGoodSelectView.h */,
				7ABCC0B41E2622C800750E47 /* TCGoodSelectView.m */,
				7ABCC0B51E2622C800750E47 /* TCSelectButton.h */,
				7ABCC0B61E2622C800750E47 /* TCSelectButton.m */,
				7ABCC0B71E2622C800750E47 /* TCSelectPrimaryBtn.h */,
				7ABCC0B81E2622C800750E47 /* TCSelectPrimaryBtn.m */,
				7ABCC0B91E2622C800750E47 /* TCSelectSecondaryBtn.h */,
				7ABCC0BA1E2622C800750E47 /* TCSelectSecondaryBtn.m */,
			);
			path = SelectStandard;
			sourceTree = "<group>";
		};
		7ABCC0C11E2622C800750E47 /* Service */ = {
			isa = PBXGroup;
			children = (
				7ABCC0C21E2622C800750E47 /* RestaurantInfo */,
				7ABCC0C51E2622C800750E47 /* RestaurantList */,
			);
			path = Service;
			sourceTree = "<group>";
		};
		7ABCC0C21E2622C800750E47 /* RestaurantInfo */ = {
			isa = PBXGroup;
			children = (
				7ABCC0C31E2622C800750E47 /* TCRestaurantLogoView.h */,
				7ABCC0C41E2622C800750E47 /* TCRestaurantLogoView.m */,
			);
			path = RestaurantInfo;
			sourceTree = "<group>";
		};
		7ABCC0C51E2622C800750E47 /* RestaurantList */ = {
			isa = PBXGroup;
			children = (
				7ABCC0C61E2622C800750E47 /* TCRestaurantFilterView.h */,
				7ABCC0C71E2622C800750E47 /* TCRestaurantFilterView.m */,
				7ABCC0C81E2622C800750E47 /* TCRestaurantSortView.h */,
				7ABCC0C91E2622C800750E47 /* TCRestaurantSortView.m */,
				7ABCC0CA1E2622C800750E47 /* TCSelectSortButton.h */,
				7ABCC0CB1E2622C800750E47 /* TCSelectSortButton.m */,
				7ABCC0CC1E2622C800750E47 /* TCServiceFilterView.h */,
				7ABCC0CD1E2622C800750E47 /* TCServiceFilterView.m */,
				7ABCC0CE1E2622C800750E47 /* TCServiceSelectBtn.h */,
				7ABCC0CF1E2622C800750E47 /* TCServiceSelectBtn.m */,
			);
			path = RestaurantList;
			sourceTree = "<group>";
		};
		7ABCC0F71E262B3C00750E47 /* Goods */ = {
			isa = PBXGroup;
			children = (
				7ABCC0F81E262B3C00750E47 /* Controller */,
				7ABCC0F91E262B3C00750E47 /* View */,
			);
			path = Goods;
			sourceTree = "<group>";
		};
		7ABCC0F81E262B3C00750E47 /* Controller */ = {
			isa = PBXGroup;
			children = (
				7ABCC1001E262B7A00750E47 /* TCGoodsViewController.h */,
				7ABCC1011E262B7A00750E47 /* TCGoodsViewController.m */,
			);
			path = Controller;
			sourceTree = "<group>";
		};
		7ABCC0F91E262B3C00750E47 /* View */ = {
			isa = PBXGroup;
			children = (
			);
			path = View;
			sourceTree = "<group>";
		};
		7ABCC0FA1E262B3C00750E47 /* Order */ = {
			isa = PBXGroup;
			children = (
				7ABCC0FB1E262B3C00750E47 /* Controller */,
				7ABCC0FC1E262B3C00750E47 /* View */,
			);
			path = Order;
			sourceTree = "<group>";
		};
		7ABCC0FB1E262B3C00750E47 /* Controller */ = {
			isa = PBXGroup;
			children = (
				7ABCC1031E262B8F00750E47 /* TCOrderViewController.h */,
				7ABCC1041E262B8F00750E47 /* TCOrderViewController.m */,
			);
			path = Controller;
			sourceTree = "<group>";
		};
		7ABCC0FC1E262B3C00750E47 /* View */ = {
			isa = PBXGroup;
			children = (
			);
			path = View;
			sourceTree = "<group>";
		};
		7ABCC0FD1E262B3C00750E47 /* Profile */ = {
			isa = PBXGroup;
			children = (
				7ABCC0FE1E262B3C00750E47 /* Controller */,
				7ABCC0FF1E262B3C00750E47 /* View */,
			);
			path = Profile;
			sourceTree = "<group>";
		};
		7ABCC0FE1E262B3C00750E47 /* Controller */ = {
			isa = PBXGroup;
			children = (
				7ABCC1061E262BA000750E47 /* TCProfileViewController.h */,
				7ABCC1071E262BA000750E47 /* TCProfileViewController.m */,
				7AE92B771E2CB2280012B11E /* Setting */,
				7AE92B6C1E2CB0F90012B11E /* QRCode */,
			);
			path = Controller;
			sourceTree = "<group>";
		};
		7ABCC0FF1E262B3C00750E47 /* View */ = {
			isa = PBXGroup;
			children = (
				7A55F42C1E28E91E0018FED3 /* TCProfileHeaderView.h */,
				7A55F42D1E28E91E0018FED3 /* TCProfileHeaderView.m */,
				7A55F42E1E28E91E0018FED3 /* TCProfileHeaderView.xib */,
				7A55F42F1E28E91E0018FED3 /* TCProfileViewCell.h */,
				7A55F4301E28E91E0018FED3 /* TCProfileViewCell.m */,
				7A55F4341E28E96A0018FED3 /* TCProfileViewCell.xib */,
				7AE92B841E2CB2440012B11E /* Setting */,
				7AE92B6D1E2CB1060012B11E /* QRCode */,
			);
			path = View;
			sourceTree = "<group>";
		};
		7AE92B6C1E2CB0F90012B11E /* QRCode */ = {
			isa = PBXGroup;
			children = (
				7AE92B741E2CB1350012B11E /* TCQRCodeViewController.h */,
				7AE92B751E2CB1350012B11E /* TCQRCodeViewController.m */,
			);
			path = QRCode;
			sourceTree = "<group>";
		};
		7AE92B6D1E2CB1060012B11E /* QRCode */ = {
			isa = PBXGroup;
			children = (
				7AE92B6E1E2CB1280012B11E /* TCScannerBorder.h */,
				7AE92B6F1E2CB1280012B11E /* TCScannerBorder.m */,
				7AE92B701E2CB1280012B11E /* TCScannerMaskView.h */,
				7AE92B711E2CB1280012B11E /* TCScannerMaskView.m */,
			);
			path = QRCode;
			sourceTree = "<group>";
		};
		7AE92B771E2CB2280012B11E /* Setting */ = {
			isa = PBXGroup;
			children = (
				7AE92B781E2CB2280012B11E /* TCAboutUSViewController.h */,
				7AE92B791E2CB2280012B11E /* TCAboutUSViewController.m */,
				7AE92B7C1E2CB2280012B11E /* TCSuggestionViewController.h */,
				7AE92B7D1E2CB2280012B11E /* TCSuggestionViewController.m */,
				7A0E00A51E2E17030028555D /* TCAppSettingViewController.h */,
				7A0E00A61E2E17030028555D /* TCAppSettingViewController.m */,
			);
			path = Setting;
			sourceTree = "<group>";
		};
		7AE92B841E2CB2440012B11E /* Setting */ = {
			isa = PBXGroup;
			children = (
				7A0E00A81E2E17DF0028555D /* TCAppCacheViewCell.h */,
				7A0E00A91E2E17DF0028555D /* TCAppCacheViewCell.m */,
				7A0E00AB1E2E17F50028555D /* TCAppNotificationViewCell.h */,
				7A0E00AC1E2E17F50028555D /* TCAppNotificationViewCell.m */,
			);
			path = Setting;
			sourceTree = "<group>";
		};
		A20F3A5039DCEF23EF313FFC /* Pods */ = {
			isa = PBXGroup;
			children = (
				AF80221D1AF577A91976C738 /* Pods-store.debug.xcconfig */,
				D54209AED3B5DC0C7B24D243 /* Pods-store.release.xcconfig */,
			);
			name = Pods;
			sourceTree = "<group>";
		};
		B113031E1795EC31C30EC418 /* Frameworks */ = {
			isa = PBXGroup;
			children = (
				B00C8004B261DE1B413018A3 /* libPods-store.a */,
			);
			name = Frameworks;
			sourceTree = "<group>";
		};
/* End PBXGroup section */

/* Begin PBXNativeTarget section */
		7A99871B1E24959F006175CC /* store */ = {
			isa = PBXNativeTarget;
			buildConfigurationList = 7A9987491E24959F006175CC /* Build configuration list for PBXNativeTarget "store" */;
			buildPhases = (
				3089BB35AE77D0984EFA2DFE /* [CP] Check Pods Manifest.lock */,
				7A9987181E24959F006175CC /* Sources */,
				7A9987191E24959F006175CC /* Frameworks */,
				7A99871A1E24959F006175CC /* Resources */,
				E99D6A4787B2207454564D01 /* [CP] Embed Pods Frameworks */,
				B6822E2C0690DDEB666274F9 /* [CP] Copy Pods Resources */,
			);
			buildRules = (
			);
			dependencies = (
			);
			name = store;
			productName = store;
			productReference = 7A99871C1E24959F006175CC /* store.app */;
			productType = "com.apple.product-type.application";
		};
		7A9987341E24959F006175CC /* storeTests */ = {
			isa = PBXNativeTarget;
			buildConfigurationList = 7A99874C1E24959F006175CC /* Build configuration list for PBXNativeTarget "storeTests" */;
			buildPhases = (
				7A9987311E24959F006175CC /* Sources */,
				7A9987321E24959F006175CC /* Frameworks */,
				7A9987331E24959F006175CC /* Resources */,
			);
			buildRules = (
			);
			dependencies = (
				7A9987371E24959F006175CC /* PBXTargetDependency */,
			);
			name = storeTests;
			productName = storeTests;
			productReference = 7A9987351E24959F006175CC /* storeTests.xctest */;
			productType = "com.apple.product-type.bundle.unit-test";
		};
		7A99873F1E24959F006175CC /* storeUITests */ = {
			isa = PBXNativeTarget;
			buildConfigurationList = 7A99874F1E24959F006175CC /* Build configuration list for PBXNativeTarget "storeUITests" */;
			buildPhases = (
				7A99873C1E24959F006175CC /* Sources */,
				7A99873D1E24959F006175CC /* Frameworks */,
				7A99873E1E24959F006175CC /* Resources */,
			);
			buildRules = (
			);
			dependencies = (
				7A9987421E24959F006175CC /* PBXTargetDependency */,
			);
			name = storeUITests;
			productName = storeUITests;
			productReference = 7A9987401E24959F006175CC /* storeUITests.xctest */;
			productType = "com.apple.product-type.bundle.ui-testing";
		};
/* End PBXNativeTarget section */

/* Begin PBXProject section */
		7A9987141E24959F006175CC /* Project object */ = {
			isa = PBXProject;
			attributes = {
				CLASSPREFIX = TC;
				LastUpgradeCheck = 0820;
				ORGANIZATIONNAME = "杭州部落公社科技有限公司";
				TargetAttributes = {
					7A99871B1E24959F006175CC = {
						CreatedOnToolsVersion = 8.2;
						DevelopmentTeam = 452XNHBVYZ;
						ProvisioningStyle = Manual;
					};
					7A9987341E24959F006175CC = {
						CreatedOnToolsVersion = 8.2;
						DevelopmentTeam = 452XNHBVYZ;
						ProvisioningStyle = Automatic;
						TestTargetID = 7A99871B1E24959F006175CC;
					};
					7A99873F1E24959F006175CC = {
						CreatedOnToolsVersion = 8.2;
						DevelopmentTeam = 452XNHBVYZ;
						ProvisioningStyle = Automatic;
						TestTargetID = 7A99871B1E24959F006175CC;
					};
				};
			};
			buildConfigurationList = 7A9987171E24959F006175CC /* Build configuration list for PBXProject "store" */;
			compatibilityVersion = "Xcode 3.2";
			developmentRegion = English;
			hasScannedForEncodings = 0;
			knownRegions = (
				en,
				Base,
			);
			mainGroup = 7A9987131E24959F006175CC;
			productRefGroup = 7A99871D1E24959F006175CC /* Products */;
			projectDirPath = "";
			projectRoot = "";
			targets = (
				7A99871B1E24959F006175CC /* store */,
				7A9987341E24959F006175CC /* storeTests */,
				7A99873F1E24959F006175CC /* storeUITests */,
			);
		};
/* End PBXProject section */

/* Begin PBXResourcesBuildPhase section */
		7A99871A1E24959F006175CC /* Resources */ = {
			isa = PBXResourcesBuildPhase;
			buildActionMask = 2147483647;
			files = (
				7A55F4351E28E96A0018FED3 /* TCProfileViewCell.xib in Resources */,
				7ABCC0D91E2622C800750E47 /* TCHomeViewController.xib in Resources */,
				7A55F4241E287F5B0018FED3 /* TCGetPasswordView.xib in Resources */,
				7A55F4211E287F5B0018FED3 /* TCLoginViewController.xib in Resources */,
				7A99872F1E24959F006175CC /* LaunchScreen.storyboard in Resources */,
				7A55F4321E28E91E0018FED3 /* TCProfileHeaderView.xib in Resources */,
				7A99872C1E24959F006175CC /* Assets.xcassets in Resources */,
			);
			runOnlyForDeploymentPostprocessing = 0;
		};
		7A9987331E24959F006175CC /* Resources */ = {
			isa = PBXResourcesBuildPhase;
			buildActionMask = 2147483647;
			files = (
			);
			runOnlyForDeploymentPostprocessing = 0;
		};
		7A99873E1E24959F006175CC /* Resources */ = {
			isa = PBXResourcesBuildPhase;
			buildActionMask = 2147483647;
			files = (
			);
			runOnlyForDeploymentPostprocessing = 0;
		};
/* End PBXResourcesBuildPhase section */

/* Begin PBXShellScriptBuildPhase section */
		3089BB35AE77D0984EFA2DFE /* [CP] Check Pods Manifest.lock */ = {
			isa = PBXShellScriptBuildPhase;
			buildActionMask = 2147483647;
			files = (
			);
			inputPaths = (
			);
			name = "[CP] Check Pods Manifest.lock";
			outputPaths = (
			);
			runOnlyForDeploymentPostprocessing = 0;
			shellPath = /bin/sh;
			shellScript = "diff \"${PODS_ROOT}/../Podfile.lock\" \"${PODS_ROOT}/Manifest.lock\" > /dev/null\nif [ $? != 0 ] ; then\n    # print error to STDERR\n    echo \"error: The sandbox is not in sync with the Podfile.lock. Run 'pod install' or update your CocoaPods installation.\" >&2\n    exit 1\nfi\n";
			showEnvVarsInLog = 0;
		};
		B6822E2C0690DDEB666274F9 /* [CP] Copy Pods Resources */ = {
			isa = PBXShellScriptBuildPhase;
			buildActionMask = 2147483647;
			files = (
			);
			inputPaths = (
			);
			name = "[CP] Copy Pods Resources";
			outputPaths = (
			);
			runOnlyForDeploymentPostprocessing = 0;
			shellPath = /bin/sh;
			shellScript = "\"${SRCROOT}/Pods/Target Support Files/Pods-store/Pods-store-resources.sh\"\n";
			showEnvVarsInLog = 0;
		};
		E99D6A4787B2207454564D01 /* [CP] Embed Pods Frameworks */ = {
			isa = PBXShellScriptBuildPhase;
			buildActionMask = 2147483647;
			files = (
			);
			inputPaths = (
			);
			name = "[CP] Embed Pods Frameworks";
			outputPaths = (
			);
			runOnlyForDeploymentPostprocessing = 0;
			shellPath = /bin/sh;
			shellScript = "\"${SRCROOT}/Pods/Target Support Files/Pods-store/Pods-store-frameworks.sh\"\n";
			showEnvVarsInLog = 0;
		};
/* End PBXShellScriptBuildPhase section */

/* Begin PBXSourcesBuildPhase section */
		7A9987181E24959F006175CC /* Sources */ = {
			isa = PBXSourcesBuildPhase;
			buildActionMask = 2147483647;
			files = (
				7A55F4281E288B0B0018FED3 /* TCStoreInfo.m in Sources */,
				7ABCC1021E262B7A00750E47 /* TCGoodsViewController.m in Sources */,
				7A55F4231E287F5B0018FED3 /* TCGetPasswordView.m in Sources */,
				7ABCC0E11E2622C800750E47 /* TCRecommendFooter.m in Sources */,
				7AE92B8D1E2CB2C20012B11E /* TCCommonIndicatorViewCell.m in Sources */,
				7ABCC0D71E2622C800750E47 /* TCRestaurantViewController.m in Sources */,
				7ABCC0E41E2622C800750E47 /* TCGoodSelectView.m in Sources */,
				7A9987E51E24E42B006175CC /* UIView+Category.m in Sources */,
				7ABCC0D21E2622C800750E47 /* TCRecommendGoodCell.m in Sources */,
				7A0E00AD1E2E17F50028555D /* TCAppNotificationViewCell.m in Sources */,
				7AE92B761E2CB1350012B11E /* TCQRCodeViewController.m in Sources */,
				7A9988141E24EE3E006175CC /* TCGoodDetail.m in Sources */,
				7AE92B721E2CB1280012B11E /* TCScannerBorder.m in Sources */,
				7A9988201E24EE3E006175CC /* TCServiceWrapper.m in Sources */,
				7A9987711E24C820006175CC /* TCPhotoPicker.m in Sources */,
				7A9987D11E24C9FA006175CC /* TCClientResponse.m in Sources */,
				7A55F4311E28E91E0018FED3 /* TCProfileHeaderView.m in Sources */,
				7AE92B6B1E2C79970012B11E /* TCPhotoModeView.m in Sources */,
				7A9987F01E24E958006175CC /* TCUserSession.m in Sources */,
				7ABCC0DC1E2622C800750E47 /* TCCalloutAnnotationView.m in Sources */,
				7ABCC0F01E2622C800750E47 /* TCServiceSelectBtn.m in Sources */,
				7ABCC0E71E2622C800750E47 /* TCSelectSecondaryBtn.m in Sources */,
				7ABCC0F61E2622DE00750E47 /* TCGetNavigationItem.m in Sources */,
				7A9987CE1E24C9FA006175CC /* TCClientConfig.m in Sources */,
				7ABCC0E81E2622C800750E47 /* TCGoodShopView.m in Sources */,
				7A99881B1E24EE3E006175CC /* TCDetailStore.m in Sources */,
				7AE92B821E2CB2280012B11E /* TCSuggestionViewController.m in Sources */,
				7ABCC0DB1E2622C800750E47 /* TCAnnotation.m in Sources */,
				7AE92B731E2CB1280012B11E /* TCScannerMaskView.m in Sources */,
				7A9987EB1E24E7DF006175CC /* TCBuluoApi.m in Sources */,
				7A9987241E24959F006175CC /* AppDelegate.m in Sources */,
				7ABCC0D01E2622C800750E47 /* TCHomeCommodityTableViewCell.m in Sources */,
				7ABCC0E51E2622C800750E47 /* TCSelectButton.m in Sources */,
				7A9987E81E24E472006175CC /* TCExtendButton.m in Sources */,
				7A9987D01E24C9FA006175CC /* TCClientRequestError.m in Sources */,
				7A9987E21E24E42B006175CC /* NSObject+TCModel.m in Sources */,
				7ABCC1051E262B8F00750E47 /* TCOrderViewController.m in Sources */,
				7A99875F1E2497D5006175CC /* TCNavigationController.m in Sources */,
				7A9988241E24EE4B006175CC /* TCUploadInfo.m in Sources */,
				7ABCC0DE1E2622C800750E47 /* TCDetailAnnotationView.m in Sources */,
				7A55F4331E28E91E0018FED3 /* TCProfileViewCell.m in Sources */,
				7A9987E31E24E42B006175CC /* NSObject+TCNomal.m in Sources */,
				7ABCC0EF1E2622C800750E47 /* TCServiceFilterView.m in Sources */,
				7ABCC0EE1E2622C800750E47 /* TCSelectSortButton.m in Sources */,
				7ABCC0EB1E2622C800750E47 /* TCRestaurantLogoView.m in Sources */,
				7ABCC0EA1E2622C800750E47 /* TCImgPageControl.m in Sources */,
				7A9987601E2497D5006175CC /* TCTabBarController.m in Sources */,
				7ABCC0DD1E2622C800750E47 /* TCDetailAnnotation.m in Sources */,
				7A9987721E24C820006175CC /* TCScanner.m in Sources */,
				7A9987F61E24EAF0006175CC /* TCModelImport.m in Sources */,
				7A99881C1E24EE3E006175CC /* TCListStore.m in Sources */,
				7A9987211E24959F006175CC /* main.m in Sources */,
				7ABCC0E21E2622C800750E47 /* TCRecommendHeader.m in Sources */,
				7A9987CF1E24C9FA006175CC /* TCClientRequest.m in Sources */,
				7ABCC1081E262BA000750E47 /* TCProfileViewController.m in Sources */,
				7ABCC0D81E2622C800750E47 /* TCHomeViewController.m in Sources */,
				7A99881E1E24EE3E006175CC /* TCServiceDetail.m in Sources */,
				7AE92B901E2CB2D80012B11E /* TCCommonButton.m in Sources */,
				7A9987D41E24E371006175CC /* TCClient.m in Sources */,
				7A9988271E24EFE6006175CC /* TCUserPhoneInfo.m in Sources */,
				7ABCC0D41E2622C800750E47 /* TCRecommendListViewController.m in Sources */,
				7A0E00AA1E2E17DF0028555D /* TCAppCacheViewCell.m in Sources */,
				7ABCC0E01E2622C800750E47 /* TCUserLocationAnnotationView.m in Sources */,
				7A99881D1E24EE3E006175CC /* TCMarkStore.m in Sources */,
				7A9988171E24EE3E006175CC /* TCGoodsWrapper.m in Sources */,
				7A99876E1E24C820006175CC /* TCArchiveService.m in Sources */,
				7AE92B801E2CB2280012B11E /* TCAboutUSViewController.m in Sources */,
				7A55F42B1E288B1F0018FED3 /* TCStoreDetailInfo.m in Sources */,
				7A99876F1E24C820006175CC /* TCFunctions.m in Sources */,
				7ABCC0D11E2622C800750E47 /* TCLocationViewController.m in Sources */,
				7A55F4221E287F5B0018FED3 /* TCUserAgreementViewController.m in Sources */,
				7A9988151E24EE3E006175CC /* TCGoods.m in Sources */,
				7A9987701E24C820006175CC /* TCImageURLSynthesizer.m in Sources */,
				7A55F4201E287F5B0018FED3 /* TCLoginViewController.m in Sources */,
				7ABCC0DF1E2622C800750E47 /* TCUserLocationAnnotation.m in Sources */,
				7ABCC0E91E2622C800750E47 /* TCGoodTitleView.m in Sources */,
				7ABCC0E31E2622C800750E47 /* TCGoodSelectTitleView.m in Sources */,
				7ABCC0D51E2622C800750E47 /* TCRestaurantInfoViewController.m in Sources */,
				7A0E00A71E2E17030028555D /* TCAppSettingViewController.m in Sources */,
				7A99881F1E24EE3E006175CC /* TCServices.m in Sources */,
				7ABCC0E61E2622C800750E47 /* TCSelectPrimaryBtn.m in Sources */,
				7A9988161E24EE3E006175CC /* TCGoodStandards.m in Sources */,
				7ABCC0F51E2622DE00750E47 /* TCComponent.m in Sources */,
				7ABCC0EC1E2622C800750E47 /* TCRestaurantFilterView.m in Sources */,
				7ABCC0ED1E2622C800750E47 /* TCRestaurantSortView.m in Sources */,
				7A9987D91E24E41B006175CC /* MBProgressHUD+Category.m in Sources */,
				7A9987AE1E24C84B006175CC /* TCBaseViewController.m in Sources */,
				7ABCC0D61E2622C800750E47 /* TCRestaurantTableViewCell.m in Sources */,
				7ABCC0D31E2622C800750E47 /* TCRecommendInfoViewController.m in Sources */,
				7A9987E41E24E42B006175CC /* UIImage+Category.m in Sources */,
			);
			runOnlyForDeploymentPostprocessing = 0;
		};
		7A9987311E24959F006175CC /* Sources */ = {
			isa = PBXSourcesBuildPhase;
			buildActionMask = 2147483647;
			files = (
				7A99873A1E24959F006175CC /* storeTests.m in Sources */,
			);
			runOnlyForDeploymentPostprocessing = 0;
		};
		7A99873C1E24959F006175CC /* Sources */ = {
			isa = PBXSourcesBuildPhase;
			buildActionMask = 2147483647;
			files = (
				7A9987451E24959F006175CC /* storeUITests.m in Sources */,
			);
			runOnlyForDeploymentPostprocessing = 0;
		};
/* End PBXSourcesBuildPhase section */

/* Begin PBXTargetDependency section */
		7A9987371E24959F006175CC /* PBXTargetDependency */ = {
			isa = PBXTargetDependency;
			target = 7A99871B1E24959F006175CC /* store */;
			targetProxy = 7A9987361E24959F006175CC /* PBXContainerItemProxy */;
		};
		7A9987421E24959F006175CC /* PBXTargetDependency */ = {
			isa = PBXTargetDependency;
			target = 7A99871B1E24959F006175CC /* store */;
			targetProxy = 7A9987411E24959F006175CC /* PBXContainerItemProxy */;
		};
/* End PBXTargetDependency section */

/* Begin PBXVariantGroup section */
		7A99872D1E24959F006175CC /* LaunchScreen.storyboard */ = {
			isa = PBXVariantGroup;
			children = (
				7A99872E1E24959F006175CC /* Base */,
				7ABCC10F1E26337100750E47 /* zh-Hans */,
			);
			name = LaunchScreen.storyboard;
			sourceTree = "<group>";
		};
/* End PBXVariantGroup section */

/* Begin XCBuildConfiguration section */
		7A9987471E24959F006175CC /* Debug */ = {
			isa = XCBuildConfiguration;
			buildSettings = {
				ALWAYS_SEARCH_USER_PATHS = NO;
				CLANG_ANALYZER_LOCALIZABILITY_NONLOCALIZED = YES;
				CLANG_ANALYZER_NONNULL = YES;
				CLANG_CXX_LANGUAGE_STANDARD = "gnu++0x";
				CLANG_CXX_LIBRARY = "libc++";
				CLANG_ENABLE_MODULES = YES;
				CLANG_ENABLE_OBJC_ARC = YES;
				CLANG_WARN_BOOL_CONVERSION = YES;
				CLANG_WARN_CONSTANT_CONVERSION = YES;
				CLANG_WARN_DIRECT_OBJC_ISA_USAGE = YES_ERROR;
				CLANG_WARN_DOCUMENTATION_COMMENTS = YES;
				CLANG_WARN_EMPTY_BODY = YES;
				CLANG_WARN_ENUM_CONVERSION = YES;
				CLANG_WARN_INFINITE_RECURSION = YES;
				CLANG_WARN_INT_CONVERSION = YES;
				CLANG_WARN_OBJC_ROOT_CLASS = YES_ERROR;
				CLANG_WARN_SUSPICIOUS_MOVE = YES;
				CLANG_WARN_UNREACHABLE_CODE = YES;
				CLANG_WARN__DUPLICATE_METHOD_MATCH = YES;
				"CODE_SIGN_IDENTITY[sdk=iphoneos*]" = "iPhone Developer";
				COPY_PHASE_STRIP = NO;
				DEBUG_INFORMATION_FORMAT = dwarf;
				ENABLE_STRICT_OBJC_MSGSEND = YES;
				ENABLE_TESTABILITY = YES;
				GCC_C_LANGUAGE_STANDARD = gnu99;
				GCC_DYNAMIC_NO_PIC = NO;
				GCC_NO_COMMON_BLOCKS = YES;
				GCC_OPTIMIZATION_LEVEL = 0;
				GCC_PREPROCESSOR_DEFINITIONS = (
					"DEBUG=1",
					"$(inherited)",
				);
				GCC_WARN_64_TO_32_BIT_CONVERSION = YES;
				GCC_WARN_ABOUT_RETURN_TYPE = YES_ERROR;
				GCC_WARN_UNDECLARED_SELECTOR = YES;
				GCC_WARN_UNINITIALIZED_AUTOS = YES_AGGRESSIVE;
				GCC_WARN_UNUSED_FUNCTION = YES;
				GCC_WARN_UNUSED_VARIABLE = YES;
				IPHONEOS_DEPLOYMENT_TARGET = 10.2;
				MTL_ENABLE_DEBUG_INFO = YES;
				ONLY_ACTIVE_ARCH = YES;
				SDKROOT = iphoneos;
			};
			name = Debug;
		};
		7A9987481E24959F006175CC /* Release */ = {
			isa = XCBuildConfiguration;
			buildSettings = {
				ALWAYS_SEARCH_USER_PATHS = NO;
				CLANG_ANALYZER_LOCALIZABILITY_NONLOCALIZED = YES;
				CLANG_ANALYZER_NONNULL = YES;
				CLANG_CXX_LANGUAGE_STANDARD = "gnu++0x";
				CLANG_CXX_LIBRARY = "libc++";
				CLANG_ENABLE_MODULES = YES;
				CLANG_ENABLE_OBJC_ARC = YES;
				CLANG_WARN_BOOL_CONVERSION = YES;
				CLANG_WARN_CONSTANT_CONVERSION = YES;
				CLANG_WARN_DIRECT_OBJC_ISA_USAGE = YES_ERROR;
				CLANG_WARN_DOCUMENTATION_COMMENTS = YES;
				CLANG_WARN_EMPTY_BODY = YES;
				CLANG_WARN_ENUM_CONVERSION = YES;
				CLANG_WARN_INFINITE_RECURSION = YES;
				CLANG_WARN_INT_CONVERSION = YES;
				CLANG_WARN_OBJC_ROOT_CLASS = YES_ERROR;
				CLANG_WARN_SUSPICIOUS_MOVE = YES;
				CLANG_WARN_UNREACHABLE_CODE = YES;
				CLANG_WARN__DUPLICATE_METHOD_MATCH = YES;
				"CODE_SIGN_IDENTITY[sdk=iphoneos*]" = "iPhone Developer";
				COPY_PHASE_STRIP = NO;
				DEBUG_INFORMATION_FORMAT = "dwarf-with-dsym";
				ENABLE_NS_ASSERTIONS = NO;
				ENABLE_STRICT_OBJC_MSGSEND = YES;
				GCC_C_LANGUAGE_STANDARD = gnu99;
				GCC_NO_COMMON_BLOCKS = YES;
				GCC_WARN_64_TO_32_BIT_CONVERSION = YES;
				GCC_WARN_ABOUT_RETURN_TYPE = YES_ERROR;
				GCC_WARN_UNDECLARED_SELECTOR = YES;
				GCC_WARN_UNINITIALIZED_AUTOS = YES_AGGRESSIVE;
				GCC_WARN_UNUSED_FUNCTION = YES;
				GCC_WARN_UNUSED_VARIABLE = YES;
				IPHONEOS_DEPLOYMENT_TARGET = 10.2;
				MTL_ENABLE_DEBUG_INFO = NO;
				SDKROOT = iphoneos;
				VALIDATE_PRODUCT = YES;
			};
			name = Release;
		};
		7A99874A1E24959F006175CC /* Debug */ = {
			isa = XCBuildConfiguration;
			baseConfigurationReference = AF80221D1AF577A91976C738 /* Pods-store.debug.xcconfig */;
			buildSettings = {
				ASSETCATALOG_COMPILER_APPICON_NAME = AppIcon;
				DEVELOPMENT_TEAM = 452XNHBVYZ;
				GCC_PRECOMPILE_PREFIX_HEADER = YES;
				GCC_PREFIX_HEADER = "$(SRCROOT)/store/PrefixHeader.pch";
				INFOPLIST_FILE = store/Info.plist;
				IPHONEOS_DEPLOYMENT_TARGET = 8.0;
				LD_RUNPATH_SEARCH_PATHS = "$(inherited) @executable_path/Frameworks";
				PRODUCT_BUNDLE_IDENTIFIER = "com.buluo-gs.store";
				PRODUCT_NAME = "$(TARGET_NAME)";
				PROVISIONING_PROFILE = "bb23ee3d-6952-44dc-aeeb-9c0f37ed824e";
				PROVISIONING_PROFILE_SPECIFIER = "Store Development";
			};
			name = Debug;
		};
		7A99874B1E24959F006175CC /* Release */ = {
			isa = XCBuildConfiguration;
			baseConfigurationReference = D54209AED3B5DC0C7B24D243 /* Pods-store.release.xcconfig */;
			buildSettings = {
				ASSETCATALOG_COMPILER_APPICON_NAME = AppIcon;
				"CODE_SIGN_IDENTITY[sdk=iphoneos*]" = "iPhone Distribution";
				DEVELOPMENT_TEAM = 452XNHBVYZ;
				GCC_PRECOMPILE_PREFIX_HEADER = YES;
				GCC_PREFIX_HEADER = "$(SRCROOT)/store/PrefixHeader.pch";
				INFOPLIST_FILE = store/Info.plist;
				IPHONEOS_DEPLOYMENT_TARGET = 8.0;
				LD_RUNPATH_SEARCH_PATHS = "$(inherited) @executable_path/Frameworks";
				PRODUCT_BUNDLE_IDENTIFIER = "com.buluo-gs.store";
				PRODUCT_NAME = "$(TARGET_NAME)";
				PROVISIONING_PROFILE = "5f3e13e9-0db0-45fa-bb18-91d63d19d75c";
				PROVISIONING_PROFILE_SPECIFIER = "Store Distribution";
			};
			name = Release;
		};
		7A99874D1E24959F006175CC /* Debug */ = {
			isa = XCBuildConfiguration;
			buildSettings = {
				BUNDLE_LOADER = "$(TEST_HOST)";
				DEVELOPMENT_TEAM = 452XNHBVYZ;
				INFOPLIST_FILE = storeTests/Info.plist;
				LD_RUNPATH_SEARCH_PATHS = "$(inherited) @executable_path/Frameworks @loader_path/Frameworks";
				PRODUCT_BUNDLE_IDENTIFIER = "com.buluo-gs.storeTests";
				PRODUCT_NAME = "$(TARGET_NAME)";
				TEST_HOST = "$(BUILT_PRODUCTS_DIR)/store.app/store";
			};
			name = Debug;
		};
		7A99874E1E24959F006175CC /* Release */ = {
			isa = XCBuildConfiguration;
			buildSettings = {
				BUNDLE_LOADER = "$(TEST_HOST)";
				DEVELOPMENT_TEAM = 452XNHBVYZ;
				INFOPLIST_FILE = storeTests/Info.plist;
				LD_RUNPATH_SEARCH_PATHS = "$(inherited) @executable_path/Frameworks @loader_path/Frameworks";
				PRODUCT_BUNDLE_IDENTIFIER = "com.buluo-gs.storeTests";
				PRODUCT_NAME = "$(TARGET_NAME)";
				TEST_HOST = "$(BUILT_PRODUCTS_DIR)/store.app/store";
			};
			name = Release;
		};
		7A9987501E24959F006175CC /* Debug */ = {
			isa = XCBuildConfiguration;
			buildSettings = {
				DEVELOPMENT_TEAM = 452XNHBVYZ;
				INFOPLIST_FILE = storeUITests/Info.plist;
				LD_RUNPATH_SEARCH_PATHS = "$(inherited) @executable_path/Frameworks @loader_path/Frameworks";
				PRODUCT_BUNDLE_IDENTIFIER = "com.buluo-gs.storeUITests";
				PRODUCT_NAME = "$(TARGET_NAME)";
				TEST_TARGET_NAME = store;
			};
			name = Debug;
		};
		7A9987511E24959F006175CC /* Release */ = {
			isa = XCBuildConfiguration;
			buildSettings = {
				DEVELOPMENT_TEAM = 452XNHBVYZ;
				INFOPLIST_FILE = storeUITests/Info.plist;
				LD_RUNPATH_SEARCH_PATHS = "$(inherited) @executable_path/Frameworks @loader_path/Frameworks";
				PRODUCT_BUNDLE_IDENTIFIER = "com.buluo-gs.storeUITests";
				PRODUCT_NAME = "$(TARGET_NAME)";
				TEST_TARGET_NAME = store;
			};
			name = Release;
		};
/* End XCBuildConfiguration section */

/* Begin XCConfigurationList section */
		7A9987171E24959F006175CC /* Build configuration list for PBXProject "store" */ = {
			isa = XCConfigurationList;
			buildConfigurations = (
				7A9987471E24959F006175CC /* Debug */,
				7A9987481E24959F006175CC /* Release */,
			);
			defaultConfigurationIsVisible = 0;
			defaultConfigurationName = Release;
		};
		7A9987491E24959F006175CC /* Build configuration list for PBXNativeTarget "store" */ = {
			isa = XCConfigurationList;
			buildConfigurations = (
				7A99874A1E24959F006175CC /* Debug */,
				7A99874B1E24959F006175CC /* Release */,
			);
			defaultConfigurationIsVisible = 0;
			defaultConfigurationName = Release;
		};
		7A99874C1E24959F006175CC /* Build configuration list for PBXNativeTarget "storeTests" */ = {
			isa = XCConfigurationList;
			buildConfigurations = (
				7A99874D1E24959F006175CC /* Debug */,
				7A99874E1E24959F006175CC /* Release */,
			);
			defaultConfigurationIsVisible = 0;
			defaultConfigurationName = Release;
		};
		7A99874F1E24959F006175CC /* Build configuration list for PBXNativeTarget "storeUITests" */ = {
			isa = XCConfigurationList;
			buildConfigurations = (
				7A9987501E24959F006175CC /* Debug */,
				7A9987511E24959F006175CC /* Release */,
			);
			defaultConfigurationIsVisible = 0;
			defaultConfigurationName = Release;
		};
/* End XCConfigurationList section */
	};
	rootObject = 7A9987141E24959F006175CC /* Project object */;
}
